
Microsoft Visual Studio Solution File, Format Version 12.00
# Visual Studio Version 18
VisualStudioVersion = 18.3.11312.210 d18.3
MinimumVisualStudioVersion = 10.0.40219.1
Project("{FAE04EC0-301F-11D3-BF4B-00C04F79EFBC}") = "DynoCore", "DynoCore\DynoCore.csproj", "{528DB1DB-1A35-45B1-B2F2-4861FCBB6C77}"
EndProject
Project("{2150E333-8FDC-42A3-9474-1A3956D46DE8}") = "DynoStudio", "DynoStudio", "{565C6F54-9C84-4FE7-ABA5-66ABFFDA9257}"
EndProject
Project("{2150E333-8FDC-42A3-9474-1A3956D46DE8}") = "DynoAddin", "DynoAddin", "{C557957A-AC22-4A89-8446-5BBB4853AE35}"
EndProject
Project("{FAE04EC0-301F-11D3-BF4B-00C04F79EFBC}") = "AssemblySharedInfoGenerator", "AssemblySharedInfoGenerator\AssemblySharedInfoGenerator.csproj", "{D7363542-5C8D-4AF4-B89E-140C37E07294}"
EndProject
Project("{2150E333-8FDC-42A3-9474-1A3956D46DE8}") = "DynoPackageAddin", "DynoPackageAddin", "{9C923A9F-90A9-4556-855F-688CA08D51B4}"
EndProject
Project("{FAE04EC0-301F-11D3-BF4B-00C04F79EFBC}") = "Dyno", "DynoAddin\Dyno\Dyno.csproj", "{50FB92D6-58A0-4D13-B88A-1E0599275F95}"
	ProjectSection(ProjectDependencies) = postProject
		{F637B272-D9F6-4E52-9F3A-1402861407C6} = {F637B272-D9F6-4E52-9F3A-1402861407C6}
	EndProjectSection
EndProject
Project("{FAE04EC0-301F-11D3-BF4B-00C04F79EFBC}") = "DynoUI", "DynoAddin\DynoUI\DynoUI.csproj", "{9E9120D6-59CC-419D-9087-CC6E1982B068}"
EndProject
Project("{FAE04EC0-301F-11D3-BF4B-00C04F79EFBC}") = "DynoInstallCA", "DynoAddin\DynoInstallCA\DynoInstallCA.csproj", "{86D405E4-E81A-4A7E-91B9-9D171509FBEA}"
EndProject
Project("{930C7802-8A8C-48F9-8165-68863BCCD9DD}") = "DynoInstall", "DynoAddin\DynoInstall\DynoInstall.wixproj", "{8BF20E22-1AF9-4052-B7FB-C755A0F88DE0}"
EndProject
Project("{FAE04EC0-301F-11D3-BF4B-00C04F79EFBC}") = "DynoNodes", "DynoAddin\DynoNodes\DynoNodes.csproj", "{780028B3-D459-49F1-A30B-AE204686DE26}"
EndProject
Project("{FAE04EC0-301F-11D3-BF4B-00C04F79EFBC}") = "DynoNodesUI", "DynoAddin\DynoNodesUI\DynoNodesUI.csproj", "{B0AB9CC8-4CE6-4F7E-9EEB-6A45A568BE6D}"
EndProject
Project("{FAE04EC0-301F-11D3-BF4B-00C04F79EFBC}") = "DynoPackage", "DynoPackageAddin\DynoPackage\DynoPackage.csproj", "{797D36CE-FE78-4533-B876-B4715DF82DA0}"
	ProjectSection(ProjectDependencies) = postProject
		{F637B272-D9F6-4E52-9F3A-1402861407C6} = {F637B272-D9F6-4E52-9F3A-1402861407C6}
	EndProjectSection
EndProject
Project("{2150E333-8FDC-42A3-9474-1A3956D46DE8}") = "Core", "Core", "{37D5461E-D7B3-491C-8B74-5499AC713838}"
EndProject
Project("{FAE04EC0-301F-11D3-BF4B-00C04F79EFBC}") = "DynoRevitCore", "Core\DynoRevitCore\DynoRevitCore.csproj", "{F637B272-D9F6-4E52-9F3A-1402861407C6}"
EndProject
Project("{FAE04EC0-301F-11D3-BF4B-00C04F79EFBC}") = "DynoStudio", "DynoStudio\DynoStudio\DynoStudio.csproj", "{12FC2B9B-4BDE-423B-A28D-972783F2D1D2}"
EndProject
Project("{930C7802-8A8C-48F9-8165-68863BCCD9DD}") = "DynoStudioInstall", "DynoStudio\DynoStudioInstall\DynoStudioInstall.wixproj", "{56014B5F-F487-404A-B975-653B9425B84E}"
EndProject
Global
	GlobalSection(SolutionConfigurationPlatforms) = preSolution
		R20_Debug|Any CPU = R20_Debug|Any CPU
		R20_Debug|x86 = R20_Debug|x86
		R20_Release|Any CPU = R20_Release|Any CPU
		R20_Release|x86 = R20_Release|x86
		R21_Debug|Any CPU = R21_Debug|Any CPU
		R21_Debug|x86 = R21_Debug|x86
		R21_Release|Any CPU = R21_Release|Any CPU
		R21_Release|x86 = R21_Release|x86
		R22_Debug|Any CPU = R22_Debug|Any CPU
		R22_Debug|x86 = R22_Debug|x86
		R22_Release|Any CPU = R22_Release|Any CPU
		R22_Release|x86 = R22_Release|x86
		R23_Debug|Any CPU = R23_Debug|Any CPU
		R23_Debug|x86 = R23_Debug|x86
		R23_Release|Any CPU = R23_Release|Any CPU
		R23_Release|x86 = R23_Release|x86
		R24_Debug|Any CPU = R24_Debug|Any CPU
		R24_Debug|x86 = R24_Debug|x86
		R24_Release|Any CPU = R24_Release|Any CPU
		R24_Release|x86 = R24_Release|x86
		R25_Debug|Any CPU = R25_Debug|Any CPU
		R25_Debug|x86 = R25_Debug|x86
		R25_Release|Any CPU = R25_Release|Any CPU
		R25_Release|x86 = R25_Release|x86
		R26_Debug|Any CPU = R26_Debug|Any CPU
		R26_Debug|x86 = R26_Debug|x86
		R26_Release|Any CPU = R26_Release|Any CPU
		R26_Release|x86 = R26_Release|x86
		R27_Debug|Any CPU = R27_Debug|Any CPU
		R27_Debug|x86 = R27_Debug|x86
		R27_Release|Any CPU = R27_Release|Any CPU
		R27_Release|x86 = R27_Release|x86
	EndGlobalSection
	GlobalSection(ProjectConfigurationPlatforms) = postSolution
		{528DB1DB-1A35-45B1-B2F2-4861FCBB6C77}.R20_Debug|Any CPU.ActiveCfg = R20_Debug|Any CPU
		{528DB1DB-1A35-45B1-B2F2-4861FCBB6C77}.R20_Debug|Any CPU.Build.0 = R20_Debug|Any CPU
		{528DB1DB-1A35-45B1-B2F2-4861FCBB6C77}.R20_Debug|x86.ActiveCfg = R20_Debug|Any CPU
		{528DB1DB-1A35-45B1-B2F2-4861FCBB6C77}.R20_Debug|x86.Build.0 = R20_Debug|Any CPU
		{528DB1DB-1A35-45B1-B2F2-4861FCBB6C77}.R20_Release|Any CPU.ActiveCfg = R20_Release|Any CPU
		{528DB1DB-1A35-45B1-B2F2-4861FCBB6C77}.R20_Release|Any CPU.Build.0 = R20_Release|Any CPU
		{528DB1DB-1A35-45B1-B2F2-4861FCBB6C77}.R20_Release|x86.ActiveCfg = R20_Release|Any CPU
		{528DB1DB-1A35-45B1-B2F2-4861FCBB6C77}.R20_Release|x86.Build.0 = R20_Release|Any CPU
		{528DB1DB-1A35-45B1-B2F2-4861FCBB6C77}.R21_Debug|Any CPU.ActiveCfg = R21_Debug|Any CPU
		{528DB1DB-1A35-45B1-B2F2-4861FCBB6C77}.R21_Debug|Any CPU.Build.0 = R21_Debug|Any CPU
		{528DB1DB-1A35-45B1-B2F2-4861FCBB6C77}.R21_Debug|x86.ActiveCfg = R21_Debug|Any CPU
		{528DB1DB-1A35-45B1-B2F2-4861FCBB6C77}.R21_Debug|x86.Build.0 = R21_Debug|Any CPU
		{528DB1DB-1A35-45B1-B2F2-4861FCBB6C77}.R21_Release|Any CPU.ActiveCfg = R21_Release|Any CPU
		{528DB1DB-1A35-45B1-B2F2-4861FCBB6C77}.R21_Release|Any CPU.Build.0 = R21_Release|Any CPU
		{528DB1DB-1A35-45B1-B2F2-4861FCBB6C77}.R21_Release|x86.ActiveCfg = R21_Release|Any CPU
		{528DB1DB-1A35-45B1-B2F2-4861FCBB6C77}.R21_Release|x86.Build.0 = R21_Release|Any CPU
		{528DB1DB-1A35-45B1-B2F2-4861FCBB6C77}.R22_Debug|Any CPU.ActiveCfg = R22_Debug|Any CPU
		{528DB1DB-1A35-45B1-B2F2-4861FCBB6C77}.R22_Debug|Any CPU.Build.0 = R22_Debug|Any CPU
		{528DB1DB-1A35-45B1-B2F2-4861FCBB6C77}.R22_Debug|x86.ActiveCfg = R22_Debug|Any CPU
		{528DB1DB-1A35-45B1-B2F2-4861FCBB6C77}.R22_Debug|x86.Build.0 = R22_Debug|Any CPU
		{528DB1DB-1A35-45B1-B2F2-4861FCBB6C77}.R22_Release|Any CPU.ActiveCfg = R22_Release|Any CPU
		{528DB1DB-1A35-45B1-B2F2-4861FCBB6C77}.R22_Release|Any CPU.Build.0 = R22_Release|Any CPU
		{528DB1DB-1A35-45B1-B2F2-4861FCBB6C77}.R22_Release|x86.ActiveCfg = R22_Release|Any CPU
		{528DB1DB-1A35-45B1-B2F2-4861FCBB6C77}.R22_Release|x86.Build.0 = R22_Release|Any CPU
		{528DB1DB-1A35-45B1-B2F2-4861FCBB6C77}.R23_Debug|Any CPU.ActiveCfg = R23_Debug|Any CPU
		{528DB1DB-1A35-45B1-B2F2-4861FCBB6C77}.R23_Debug|Any CPU.Build.0 = R23_Debug|Any CPU
		{528DB1DB-1A35-45B1-B2F2-4861FCBB6C77}.R23_Debug|x86.ActiveCfg = R23_Debug|Any CPU
		{528DB1DB-1A35-45B1-B2F2-4861FCBB6C77}.R23_Debug|x86.Build.0 = R23_Debug|Any CPU
		{528DB1DB-1A35-45B1-B2F2-4861FCBB6C77}.R23_Release|Any CPU.ActiveCfg = R23_Release|Any CPU
		{528DB1DB-1A35-45B1-B2F2-4861FCBB6C77}.R23_Release|Any CPU.Build.0 = R23_Release|Any CPU
		{528DB1DB-1A35-45B1-B2F2-4861FCBB6C77}.R23_Release|x86.ActiveCfg = R23_Release|Any CPU
		{528DB1DB-1A35-45B1-B2F2-4861FCBB6C77}.R23_Release|x86.Build.0 = R23_Release|Any CPU
		{528DB1DB-1A35-45B1-B2F2-4861FCBB6C77}.R24_Debug|Any CPU.ActiveCfg = R24_Debug|Any CPU
		{528DB1DB-1A35-45B1-B2F2-4861FCBB6C77}.R24_Debug|Any CPU.Build.0 = R24_Debug|Any CPU
		{528DB1DB-1A35-45B1-B2F2-4861FCBB6C77}.R24_Debug|x86.ActiveCfg = R24_Debug|Any CPU
		{528DB1DB-1A35-45B1-B2F2-4861FCBB6C77}.R24_Debug|x86.Build.0 = R24_Debug|Any CPU
		{528DB1DB-1A35-45B1-B2F2-4861FCBB6C77}.R24_Release|Any CPU.ActiveCfg = R24_Release|Any CPU
		{528DB1DB-1A35-45B1-B2F2-4861FCBB6C77}.R24_Release|Any CPU.Build.0 = R24_Release|Any CPU
		{528DB1DB-1A35-45B1-B2F2-4861FCBB6C77}.R24_Release|x86.ActiveCfg = R24_Release|Any CPU
		{528DB1DB-1A35-45B1-B2F2-4861FCBB6C77}.R24_Release|x86.Build.0 = R24_Release|Any CPU
		{528DB1DB-1A35-45B1-B2F2-4861FCBB6C77}.R25_Debug|Any CPU.ActiveCfg = R25_Debug|Any CPU
		{528DB1DB-1A35-45B1-B2F2-4861FCBB6C77}.R25_Debug|Any CPU.Build.0 = R25_Debug|Any CPU
		{528DB1DB-1A35-45B1-B2F2-4861FCBB6C77}.R25_Debug|x86.ActiveCfg = R25_Debug|Any CPU
		{528DB1DB-1A35-45B1-B2F2-4861FCBB6C77}.R25_Debug|x86.Build.0 = R25_Debug|Any CPU
		{528DB1DB-1A35-45B1-B2F2-4861FCBB6C77}.R25_Release|Any CPU.ActiveCfg = R25_Release|Any CPU
		{528DB1DB-1A35-45B1-B2F2-4861FCBB6C77}.R25_Release|Any CPU.Build.0 = R25_Release|Any CPU
		{528DB1DB-1A35-45B1-B2F2-4861FCBB6C77}.R25_Release|x86.ActiveCfg = R25_Release|Any CPU
		{528DB1DB-1A35-45B1-B2F2-4861FCBB6C77}.R25_Release|x86.Build.0 = R25_Release|Any CPU
		{528DB1DB-1A35-45B1-B2F2-4861FCBB6C77}.R26_Debug|Any CPU.ActiveCfg = R26_Debug|Any CPU
		{528DB1DB-1A35-45B1-B2F2-4861FCBB6C77}.R26_Debug|Any CPU.Build.0 = R26_Debug|Any CPU
		{528DB1DB-1A35-45B1-B2F2-4861FCBB6C77}.R26_Debug|x86.ActiveCfg = R26_Debug|Any CPU
		{528DB1DB-1A35-45B1-B2F2-4861FCBB6C77}.R26_Debug|x86.Build.0 = R26_Debug|Any CPU
		{528DB1DB-1A35-45B1-B2F2-4861FCBB6C77}.R26_Release|Any CPU.ActiveCfg = R26_Release|Any CPU
		{528DB1DB-1A35-45B1-B2F2-4861FCBB6C77}.R26_Release|Any CPU.Build.0 = R26_Release|Any CPU
		{528DB1DB-1A35-45B1-B2F2-4861FCBB6C77}.R26_Release|x86.ActiveCfg = R26_Release|Any CPU
		{528DB1DB-1A35-45B1-B2F2-4861FCBB6C77}.R26_Release|x86.Build.0 = R26_Release|Any CPU
		{528DB1DB-1A35-45B1-B2F2-4861FCBB6C77}.R27_Debug|Any CPU.ActiveCfg = R27_Debug|Any CPU
		{528DB1DB-1A35-45B1-B2F2-4861FCBB6C77}.R27_Debug|Any CPU.Build.0 = R27_Debug|Any CPU
		{528DB1DB-1A35-45B1-B2F2-4861FCBB6C77}.R27_Debug|x86.ActiveCfg = R27_Debug|Any CPU
		{528DB1DB-1A35-45B1-B2F2-4861FCBB6C77}.R27_Debug|x86.Build.0 = R27_Debug|Any CPU
		{528DB1DB-1A35-45B1-B2F2-4861FCBB6C77}.R27_Release|Any CPU.ActiveCfg = R27_Release|Any CPU
		{528DB1DB-1A35-45B1-B2F2-4861FCBB6C77}.R27_Release|Any CPU.Build.0 = R27_Release|Any CPU
		{528DB1DB-1A35-45B1-B2F2-4861FCBB6C77}.R27_Release|x86.ActiveCfg = R27_Release|Any CPU
		{528DB1DB-1A35-45B1-B2F2-4861FCBB6C77}.R27_Release|x86.Build.0 = R27_Release|Any CPU
		{D7363542-5C8D-4AF4-B89E-140C37E07294}.R20_Debug|Any CPU.ActiveCfg = R20_Debug|Any CPU
		{D7363542-5C8D-4AF4-B89E-140C37E07294}.R20_Debug|Any CPU.Build.0 = R20_Debug|Any CPU
		{D7363542-5C8D-4AF4-B89E-140C37E07294}.R20_Debug|x86.ActiveCfg = R20_Debug|Any CPU
		{D7363542-5C8D-4AF4-B89E-140C37E07294}.R20_Debug|x86.Build.0 = R20_Debug|Any CPU
		{D7363542-5C8D-4AF4-B89E-140C37E07294}.R20_Release|Any CPU.ActiveCfg = R20_Release|Any CPU
		{D7363542-5C8D-4AF4-B89E-140C37E07294}.R20_Release|Any CPU.Build.0 = R20_Release|Any CPU
		{D7363542-5C8D-4AF4-B89E-140C37E07294}.R20_Release|x86.ActiveCfg = R20_Release|Any CPU
		{D7363542-5C8D-4AF4-B89E-140C37E07294}.R20_Release|x86.Build.0 = R20_Release|Any CPU
		{D7363542-5C8D-4AF4-B89E-140C37E07294}.R21_Debug|Any CPU.ActiveCfg = R21_Debug|Any CPU
		{D7363542-5C8D-4AF4-B89E-140C37E07294}.R21_Debug|Any CPU.Build.0 = R21_Debug|Any CPU
		{D7363542-5C8D-4AF4-B89E-140C37E07294}.R21_Debug|x86.ActiveCfg = R21_Debug|Any CPU
		{D7363542-5C8D-4AF4-B89E-140C37E07294}.R21_Debug|x86.Build.0 = R21_Debug|Any CPU
		{D7363542-5C8D-4AF4-B89E-140C37E07294}.R21_Release|Any CPU.ActiveCfg = R21_Release|Any CPU
		{D7363542-5C8D-4AF4-B89E-140C37E07294}.R21_Release|Any CPU.Build.0 = R21_Release|Any CPU
		{D7363542-5C8D-4AF4-B89E-140C37E07294}.R21_Release|x86.ActiveCfg = R21_Release|Any CPU
		{D7363542-5C8D-4AF4-B89E-140C37E07294}.R21_Release|x86.Build.0 = R21_Release|Any CPU
		{D7363542-5C8D-4AF4-B89E-140C37E07294}.R22_Debug|Any CPU.ActiveCfg = R22_Debug|Any CPU
		{D7363542-5C8D-4AF4-B89E-140C37E07294}.R22_Debug|Any CPU.Build.0 = R22_Debug|Any CPU
		{D7363542-5C8D-4AF4-B89E-140C37E07294}.R22_Debug|x86.ActiveCfg = R22_Debug|Any CPU
		{D7363542-5C8D-4AF4-B89E-140C37E07294}.R22_Debug|x86.Build.0 = R22_Debug|Any CPU
		{D7363542-5C8D-4AF4-B89E-140C37E07294}.R22_Release|Any CPU.ActiveCfg = R22_Release|Any CPU
		{D7363542-5C8D-4AF4-B89E-140C37E07294}.R22_Release|Any CPU.Build.0 = R22_Release|Any CPU
		{D7363542-5C8D-4AF4-B89E-140C37E07294}.R22_Release|x86.ActiveCfg = R22_Release|Any CPU
		{D7363542-5C8D-4AF4-B89E-140C37E07294}.R22_Release|x86.Build.0 = R22_Release|Any CPU
		{D7363542-5C8D-4AF4-B89E-140C37E07294}.R23_Debug|Any CPU.ActiveCfg = R23_Debug|Any CPU
		{D7363542-5C8D-4AF4-B89E-140C37E07294}.R23_Debug|Any CPU.Build.0 = R23_Debug|Any CPU
		{D7363542-5C8D-4AF4-B89E-140C37E07294}.R23_Debug|x86.ActiveCfg = R23_Debug|Any CPU
		{D7363542-5C8D-4AF4-B89E-140C37E07294}.R23_Debug|x86.Build.0 = R23_Debug|Any CPU
		{D7363542-5C8D-4AF4-B89E-140C37E07294}.R23_Release|Any CPU.ActiveCfg = R23_Release|Any CPU
		{D7363542-5C8D-4AF4-B89E-140C37E07294}.R23_Release|Any CPU.Build.0 = R23_Release|Any CPU
		{D7363542-5C8D-4AF4-B89E-140C37E07294}.R23_Release|x86.ActiveCfg = R23_Release|Any CPU
		{D7363542-5C8D-4AF4-B89E-140C37E07294}.R23_Release|x86.Build.0 = R23_Release|Any CPU
		{D7363542-5C8D-4AF4-B89E-140C37E07294}.R24_Debug|Any CPU.ActiveCfg = R24_Debug|Any CPU
		{D7363542-5C8D-4AF4-B89E-140C37E07294}.R24_Debug|Any CPU.Build.0 = R24_Debug|Any CPU
		{D7363542-5C8D-4AF4-B89E-140C37E07294}.R24_Debug|x86.ActiveCfg = R24_Debug|Any CPU
		{D7363542-5C8D-4AF4-B89E-140C37E07294}.R24_Debug|x86.Build.0 = R24_Debug|Any CPU
		{D7363542-5C8D-4AF4-B89E-140C37E07294}.R24_Release|Any CPU.ActiveCfg = R24_Release|Any CPU
		{D7363542-5C8D-4AF4-B89E-140C37E07294}.R24_Release|Any CPU.Build.0 = R24_Release|Any CPU
		{D7363542-5C8D-4AF4-B89E-140C37E07294}.R24_Release|x86.ActiveCfg = R24_Release|Any CPU
		{D7363542-5C8D-4AF4-B89E-140C37E07294}.R24_Release|x86.Build.0 = R24_Release|Any CPU
		{D7363542-5C8D-4AF4-B89E-140C37E07294}.R25_Debug|Any CPU.ActiveCfg = R25_Debug|Any CPU
		{D7363542-5C8D-4AF4-B89E-140C37E07294}.R25_Debug|Any CPU.Build.0 = R25_Debug|Any CPU
		{D7363542-5C8D-4AF4-B89E-140C37E07294}.R25_Debug|x86.ActiveCfg = R25_Debug|Any CPU
		{D7363542-5C8D-4AF4-B89E-140C37E07294}.R25_Debug|x86.Build.0 = R25_Debug|Any CPU
		{D7363542-5C8D-4AF4-B89E-140C37E07294}.R25_Release|Any CPU.ActiveCfg = R25_Release|Any CPU
		{D7363542-5C8D-4AF4-B89E-140C37E07294}.R25_Release|Any CPU.Build.0 = R25_Release|Any CPU
		{D7363542-5C8D-4AF4-B89E-140C37E07294}.R25_Release|x86.ActiveCfg = R25_Release|Any CPU
		{D7363542-5C8D-4AF4-B89E-140C37E07294}.R25_Release|x86.Build.0 = R25_Release|Any CPU
		{D7363542-5C8D-4AF4-B89E-140C37E07294}.R26_Debug|Any CPU.ActiveCfg = R26_Debug|Any CPU
		{D7363542-5C8D-4AF4-B89E-140C37E07294}.R26_Debug|Any CPU.Build.0 = R26_Debug|Any CPU
		{D7363542-5C8D-4AF4-B89E-140C37E07294}.R26_Debug|x86.ActiveCfg = R26_Debug|Any CPU
		{D7363542-5C8D-4AF4-B89E-140C37E07294}.R26_Debug|x86.Build.0 = R26_Debug|Any CPU
		{D7363542-5C8D-4AF4-B89E-140C37E07294}.R26_Release|Any CPU.ActiveCfg = R26_Release|Any CPU
		{D7363542-5C8D-4AF4-B89E-140C37E07294}.R26_Release|Any CPU.Build.0 = R26_Release|Any CPU
		{D7363542-5C8D-4AF4-B89E-140C37E07294}.R26_Release|x86.ActiveCfg = R26_Release|Any CPU
		{D7363542-5C8D-4AF4-B89E-140C37E07294}.R26_Release|x86.Build.0 = R26_Release|Any CPU
		{D7363542-5C8D-4AF4-B89E-140C37E07294}.R27_Debug|Any CPU.ActiveCfg = R27_Debug|Any CPU
		{D7363542-5C8D-4AF4-B89E-140C37E07294}.R27_Debug|Any CPU.Build.0 = R27_Debug|Any CPU
		{D7363542-5C8D-4AF4-B89E-140C37E07294}.R27_Debug|x86.ActiveCfg = R27_Debug|Any CPU
		{D7363542-5C8D-4AF4-B89E-140C37E07294}.R27_Debug|x86.Build.0 = R27_Debug|Any CPU
		{D7363542-5C8D-4AF4-B89E-140C37E07294}.R27_Release|Any CPU.ActiveCfg = R27_Release|Any CPU
		{D7363542-5C8D-4AF4-B89E-140C37E07294}.R27_Release|Any CPU.Build.0 = R27_Release|Any CPU
		{D7363542-5C8D-4AF4-B89E-140C37E07294}.R27_Release|x86.ActiveCfg = R27_Release|Any CPU
		{D7363542-5C8D-4AF4-B89E-140C37E07294}.R27_Release|x86.Build.0 = R27_Release|Any CPU
		{50FB92D6-58A0-4D13-B88A-1E0599275F95}.R20_Debug|Any CPU.ActiveCfg = R20_Debug|Any CPU
		{50FB92D6-58A0-4D13-B88A-1E0599275F95}.R20_Debug|Any CPU.Build.0 = R20_Debug|Any CPU
		{50FB92D6-58A0-4D13-B88A-1E0599275F95}.R20_Debug|x86.ActiveCfg = R20_Debug|Any CPU
		{50FB92D6-58A0-4D13-B88A-1E0599275F95}.R20_Debug|x86.Build.0 = R20_Debug|Any CPU
		{50FB92D6-58A0-4D13-B88A-1E0599275F95}.R20_Release|Any CPU.ActiveCfg = R20_Release|Any CPU
		{50FB92D6-58A0-4D13-B88A-1E0599275F95}.R20_Release|Any CPU.Build.0 = R20_Release|Any CPU
		{50FB92D6-58A0-4D13-B88A-1E0599275F95}.R20_Release|x86.ActiveCfg = R20_Release|Any CPU
		{50FB92D6-58A0-4D13-B88A-1E0599275F95}.R20_Release|x86.Build.0 = R20_Release|Any CPU
		{50FB92D6-58A0-4D13-B88A-1E0599275F95}.R21_Debug|Any CPU.ActiveCfg = R21_Debug|Any CPU
		{50FB92D6-58A0-4D13-B88A-1E0599275F95}.R21_Debug|Any CPU.Build.0 = R21_Debug|Any CPU
		{50FB92D6-58A0-4D13-B88A-1E0599275F95}.R21_Debug|x86.ActiveCfg = R21_Debug|Any CPU
		{50FB92D6-58A0-4D13-B88A-1E0599275F95}.R21_Debug|x86.Build.0 = R21_Debug|Any CPU
		{50FB92D6-58A0-4D13-B88A-1E0599275F95}.R21_Release|Any CPU.ActiveCfg = R21_Release|Any CPU
		{50FB92D6-58A0-4D13-B88A-1E0599275F95}.R21_Release|Any CPU.Build.0 = R21_Release|Any CPU
		{50FB92D6-58A0-4D13-B88A-1E0599275F95}.R21_Release|x86.ActiveCfg = R21_Release|Any CPU
		{50FB92D6-58A0-4D13-B88A-1E0599275F95}.R21_Release|x86.Build.0 = R21_Release|Any CPU
		{50FB92D6-58A0-4D13-B88A-1E0599275F95}.R22_Debug|Any CPU.ActiveCfg = R22_Debug|Any CPU
		{50FB92D6-58A0-4D13-B88A-1E0599275F95}.R22_Debug|Any CPU.Build.0 = R22_Debug|Any CPU
		{50FB92D6-58A0-4D13-B88A-1E0599275F95}.R22_Debug|x86.ActiveCfg = R22_Debug|Any CPU
		{50FB92D6-58A0-4D13-B88A-1E0599275F95}.R22_Debug|x86.Build.0 = R22_Debug|Any CPU
		{50FB92D6-58A0-4D13-B88A-1E0599275F95}.R22_Release|Any CPU.ActiveCfg = R22_Release|Any CPU
		{50FB92D6-58A0-4D13-B88A-1E0599275F95}.R22_Release|Any CPU.Build.0 = R22_Release|Any CPU
		{50FB92D6-58A0-4D13-B88A-1E0599275F95}.R22_Release|x86.ActiveCfg = R22_Release|Any CPU
		{50FB92D6-58A0-4D13-B88A-1E0599275F95}.R22_Release|x86.Build.0 = R22_Release|Any CPU
		{50FB92D6-58A0-4D13-B88A-1E0599275F95}.R23_Debug|Any CPU.ActiveCfg = R23_Debug|Any CPU
		{50FB92D6-58A0-4D13-B88A-1E0599275F95}.R23_Debug|Any CPU.Build.0 = R23_Debug|Any CPU
		{50FB92D6-58A0-4D13-B88A-1E0599275F95}.R23_Debug|x86.ActiveCfg = R23_Debug|Any CPU
		{50FB92D6-58A0-4D13-B88A-1E0599275F95}.R23_Debug|x86.Build.0 = R23_Debug|Any CPU
		{50FB92D6-58A0-4D13-B88A-1E0599275F95}.R23_Release|Any CPU.ActiveCfg = R23_Release|Any CPU
		{50FB92D6-58A0-4D13-B88A-1E0599275F95}.R23_Release|Any CPU.Build.0 = R23_Release|Any CPU
		{50FB92D6-58A0-4D13-B88A-1E0599275F95}.R23_Release|x86.ActiveCfg = R23_Release|Any CPU
		{50FB92D6-58A0-4D13-B88A-1E0599275F95}.R23_Release|x86.Build.0 = R23_Release|Any CPU
		{50FB92D6-58A0-4D13-B88A-1E0599275F95}.R24_Debug|Any CPU.ActiveCfg = R24_Debug|Any CPU
		{50FB92D6-58A0-4D13-B88A-1E0599275F95}.R24_Debug|Any CPU.Build.0 = R24_Debug|Any CPU
		{50FB92D6-58A0-4D13-B88A-1E0599275F95}.R24_Debug|x86.ActiveCfg = R24_Debug|Any CPU
		{50FB92D6-58A0-4D13-B88A-1E0599275F95}.R24_Debug|x86.Build.0 = R24_Debug|Any CPU
		{50FB92D6-58A0-4D13-B88A-1E0599275F95}.R24_Release|Any CPU.ActiveCfg = R24_Release|Any CPU
		{50FB92D6-58A0-4D13-B88A-1E0599275F95}.R24_Release|Any CPU.Build.0 = R24_Release|Any CPU
		{50FB92D6-58A0-4D13-B88A-1E0599275F95}.R24_Release|x86.ActiveCfg = R24_Release|Any CPU
		{50FB92D6-58A0-4D13-B88A-1E0599275F95}.R24_Release|x86.Build.0 = R24_Release|Any CPU
		{50FB92D6-58A0-4D13-B88A-1E0599275F95}.R25_Debug|Any CPU.ActiveCfg = R25_Debug|Any CPU
		{50FB92D6-58A0-4D13-B88A-1E0599275F95}.R25_Debug|Any CPU.Build.0 = R25_Debug|Any CPU
		{50FB92D6-58A0-4D13-B88A-1E0599275F95}.R25_Debug|x86.ActiveCfg = R25_Debug|Any CPU
		{50FB92D6-58A0-4D13-B88A-1E0599275F95}.R25_Debug|x86.Build.0 = R25_Debug|Any CPU
		{50FB92D6-58A0-4D13-B88A-1E0599275F95}.R25_Release|Any CPU.ActiveCfg = R25_Release|Any CPU
		{50FB92D6-58A0-4D13-B88A-1E0599275F95}.R25_Release|Any CPU.Build.0 = R25_Release|Any CPU
		{50FB92D6-58A0-4D13-B88A-1E0599275F95}.R25_Release|x86.ActiveCfg = R25_Release|Any CPU
		{50FB92D6-58A0-4D13-B88A-1E0599275F95}.R25_Release|x86.Build.0 = R25_Release|Any CPU
		{50FB92D6-58A0-4D13-B88A-1E0599275F95}.R26_Debug|Any CPU.ActiveCfg = R26_Debug|Any CPU
		{50FB92D6-58A0-4D13-B88A-1E0599275F95}.R26_Debug|Any CPU.Build.0 = R26_Debug|Any CPU
		{50FB92D6-58A0-4D13-B88A-1E0599275F95}.R26_Debug|x86.ActiveCfg = R26_Debug|Any CPU
		{50FB92D6-58A0-4D13-B88A-1E0599275F95}.R26_Debug|x86.Build.0 = R26_Debug|Any CPU
		{50FB92D6-58A0-4D13-B88A-1E0599275F95}.R26_Release|Any CPU.ActiveCfg = R26_Release|Any CPU
		{50FB92D6-58A0-4D13-B88A-1E0599275F95}.R26_Release|Any CPU.Build.0 = R26_Release|Any CPU
		{50FB92D6-58A0-4D13-B88A-1E0599275F95}.R26_Release|x86.ActiveCfg = R26_Release|Any CPU
		{50FB92D6-58A0-4D13-B88A-1E0599275F95}.R26_Release|x86.Build.0 = R26_Release|Any CPU
		{50FB92D6-58A0-4D13-B88A-1E0599275F95}.R27_Debug|Any CPU.ActiveCfg = R27_Debug|Any CPU
		{50FB92D6-58A0-4D13-B88A-1E0599275F95}.R27_Debug|Any CPU.Build.0 = R27_Debug|Any CPU
		{50FB92D6-58A0-4D13-B88A-1E0599275F95}.R27_Debug|x86.ActiveCfg = R27_Debug|Any CPU
		{50FB92D6-58A0-4D13-B88A-1E0599275F95}.R27_Debug|x86.Build.0 = R27_Debug|Any CPU
		{50FB92D6-58A0-4D13-B88A-1E0599275F95}.R27_Release|Any CPU.ActiveCfg = R27_Release|Any CPU
		{50FB92D6-58A0-4D13-B88A-1E0599275F95}.R27_Release|Any CPU.Build.0 = R27_Release|Any CPU
		{50FB92D6-58A0-4D13-B88A-1E0599275F95}.R27_Release|x86.ActiveCfg = R27_Release|Any CPU
		{50FB92D6-58A0-4D13-B88A-1E0599275F95}.R27_Release|x86.Build.0 = R27_Release|Any CPU
		{9E9120D6-59CC-419D-9087-CC6E1982B068}.R20_Debug|Any CPU.ActiveCfg = R20_Debug|Any CPU
		{9E9120D6-59CC-419D-9087-CC6E1982B068}.R20_Debug|Any CPU.Build.0 = R20_Debug|Any CPU
		{9E9120D6-59CC-419D-9087-CC6E1982B068}.R20_Debug|x86.ActiveCfg = R20_Debug|Any CPU
		{9E9120D6-59CC-419D-9087-CC6E1982B068}.R20_Debug|x86.Build.0 = R20_Debug|Any CPU
		{9E9120D6-59CC-419D-9087-CC6E1982B068}.R20_Release|Any CPU.ActiveCfg = R20_Release|Any CPU
		{9E9120D6-59CC-419D-9087-CC6E1982B068}.R20_Release|Any CPU.Build.0 = R20_Release|Any CPU
		{9E9120D6-59CC-419D-9087-CC6E1982B068}.R20_Release|x86.ActiveCfg = R20_Release|Any CPU
		{9E9120D6-59CC-419D-9087-CC6E1982B068}.R20_Release|x86.Build.0 = R20_Release|Any CPU
		{9E9120D6-59CC-419D-9087-CC6E1982B068}.R21_Debug|Any CPU.ActiveCfg = R21_Debug|Any CPU
		{9E9120D6-59CC-419D-9087-CC6E1982B068}.R21_Debug|Any CPU.Build.0 = R21_Debug|Any CPU
		{9E9120D6-59CC-419D-9087-CC6E1982B068}.R21_Debug|x86.ActiveCfg = R21_Debug|Any CPU
		{9E9120D6-59CC-419D-9087-CC6E1982B068}.R21_Debug|x86.Build.0 = R21_Debug|Any CPU
		{9E9120D6-59CC-419D-9087-CC6E1982B068}.R21_Release|Any CPU.ActiveCfg = R21_Release|Any CPU
		{9E9120D6-59CC-419D-9087-CC6E1982B068}.R21_Release|Any CPU.Build.0 = R21_Release|Any CPU
		{9E9120D6-59CC-419D-9087-CC6E1982B068}.R21_Release|x86.ActiveCfg = R21_Release|Any CPU
		{9E9120D6-59CC-419D-9087-CC6E1982B068}.R21_Release|x86.Build.0 = R21_Release|Any CPU
		{9E9120D6-59CC-419D-9087-CC6E1982B068}.R22_Debug|Any CPU.ActiveCfg = R22_Debug|Any CPU
		{9E9120D6-59CC-419D-9087-CC6E1982B068}.R22_Debug|Any CPU.Build.0 = R22_Debug|Any CPU
		{9E9120D6-59CC-419D-9087-CC6E1982B068}.R22_Debug|x86.ActiveCfg = R22_Debug|Any CPU
		{9E9120D6-59CC-419D-9087-CC6E1982B068}.R22_Debug|x86.Build.0 = R22_Debug|Any CPU
		{9E9120D6-59CC-419D-9087-CC6E1982B068}.R22_Release|Any CPU.ActiveCfg = R22_Release|Any CPU
		{9E9120D6-59CC-419D-9087-CC6E1982B068}.R22_Release|Any CPU.Build.0 = R22_Release|Any CPU
		{9E9120D6-59CC-419D-9087-CC6E1982B068}.R22_Release|x86.ActiveCfg = R22_Release|Any CPU
		{9E9120D6-59CC-419D-9087-CC6E1982B068}.R22_Release|x86.Build.0 = R22_Release|Any CPU
		{9E9120D6-59CC-419D-9087-CC6E1982B068}.R23_Debug|Any CPU.ActiveCfg = R23_Debug|Any CPU
		{9E9120D6-59CC-419D-9087-CC6E1982B068}.R23_Debug|Any CPU.Build.0 = R23_Debug|Any CPU
		{9E9120D6-59CC-419D-9087-CC6E1982B068}.R23_Debug|x86.ActiveCfg = R23_Debug|Any CPU
		{9E9120D6-59CC-419D-9087-CC6E1982B068}.R23_Debug|x86.Build.0 = R23_Debug|Any CPU
		{9E9120D6-59CC-419D-9087-CC6E1982B068}.R23_Release|Any CPU.ActiveCfg = R23_Release|Any CPU
		{9E9120D6-59CC-419D-9087-CC6E1982B068}.R23_Release|Any CPU.Build.0 = R23_Release|Any CPU
		{9E9120D6-59CC-419D-9087-CC6E1982B068}.R23_Release|x86.ActiveCfg = R23_Release|Any CPU
		{9E9120D6-59CC-419D-9087-CC6E1982B068}.R23_Release|x86.Build.0 = R23_Release|Any CPU
		{9E9120D6-59CC-419D-9087-CC6E1982B068}.R24_Debug|Any CPU.ActiveCfg = R24_Debug|Any CPU
		{9E9120D6-59CC-419D-9087-CC6E1982B068}.R24_Debug|Any CPU.Build.0 = R24_Debug|Any CPU
		{9E9120D6-59CC-419D-9087-CC6E1982B068}.R24_Debug|x86.ActiveCfg = R24_Debug|Any CPU
		{9E9120D6-59CC-419D-9087-CC6E1982B068}.R24_Debug|x86.Build.0 = R24_Debug|Any CPU
		{9E9120D6-59CC-419D-9087-CC6E1982B068}.R24_Release|Any CPU.ActiveCfg = R24_Release|Any CPU
		{9E9120D6-59CC-419D-9087-CC6E1982B068}.R24_Release|Any CPU.Build.0 = R24_Release|Any CPU
		{9E9120D6-59CC-419D-9087-CC6E1982B068}.R24_Release|x86.ActiveCfg = R24_Release|Any CPU
		{9E9120D6-59CC-419D-9087-CC6E1982B068}.R24_Release|x86.Build.0 = R24_Release|Any CPU
		{9E9120D6-59CC-419D-9087-CC6E1982B068}.R25_Debug|Any CPU.ActiveCfg = R25_Debug|Any CPU
		{9E9120D6-59CC-419D-9087-CC6E1982B068}.R25_Debug|Any CPU.Build.0 = R25_Debug|Any CPU
		{9E9120D6-59CC-419D-9087-CC6E1982B068}.R25_Debug|x86.ActiveCfg = R25_Debug|Any CPU
		{9E9120D6-59CC-419D-9087-CC6E1982B068}.R25_Debug|x86.Build.0 = R25_Debug|Any CPU
		{9E9120D6-59CC-419D-9087-CC6E1982B068}.R25_Release|Any CPU.ActiveCfg = R25_Release|Any CPU
		{9E9120D6-59CC-419D-9087-CC6E1982B068}.R25_Release|Any CPU.Build.0 = R25_Release|Any CPU
		{9E9120D6-59CC-419D-9087-CC6E1982B068}.R25_Release|x86.ActiveCfg = R25_Release|Any CPU
		{9E9120D6-59CC-419D-9087-CC6E1982B068}.R25_Release|x86.Build.0 = R25_Release|Any CPU
		{9E9120D6-59CC-419D-9087-CC6E1982B068}.R26_Debug|Any CPU.ActiveCfg = R26_Debug|Any CPU
		{9E9120D6-59CC-419D-9087-CC6E1982B068}.R26_Debug|Any CPU.Build.0 = R26_Debug|Any CPU
		{9E9120D6-59CC-419D-9087-CC6E1982B068}.R26_Debug|x86.ActiveCfg = R26_Debug|Any CPU
		{9E9120D6-59CC-419D-9087-CC6E1982B068}.R26_Debug|x86.Build.0 = R26_Debug|Any CPU
		{9E9120D6-59CC-419D-9087-CC6E1982B068}.R26_Release|Any CPU.ActiveCfg = R26_Release|Any CPU
		{9E9120D6-59CC-419D-9087-CC6E1982B068}.R26_Release|Any CPU.Build.0 = R26_Release|Any CPU
		{9E9120D6-59CC-419D-9087-CC6E1982B068}.R26_Release|x86.ActiveCfg = R26_Release|Any CPU
		{9E9120D6-59CC-419D-9087-CC6E1982B068}.R26_Release|x86.Build.0 = R26_Release|Any CPU
		{9E9120D6-59CC-419D-9087-CC6E1982B068}.R27_Debug|Any CPU.ActiveCfg = R27_Debug|Any CPU
		{9E9120D6-59CC-419D-9087-CC6E1982B068}.R27_Debug|Any CPU.Build.0 = R27_Debug|Any CPU
		{9E9120D6-59CC-419D-9087-CC6E1982B068}.R27_Debug|x86.ActiveCfg = R27_Debug|Any CPU
		{9E9120D6-59CC-419D-9087-CC6E1982B068}.R27_Debug|x86.Build.0 = R27_Debug|Any CPU
		{9E9120D6-59CC-419D-9087-CC6E1982B068}.R27_Release|Any CPU.ActiveCfg = R27_Release|Any CPU
		{9E9120D6-59CC-419D-9087-CC6E1982B068}.R27_Release|Any CPU.Build.0 = R27_Release|Any CPU
		{9E9120D6-59CC-419D-9087-CC6E1982B068}.R27_Release|x86.ActiveCfg = R27_Release|Any CPU
		{9E9120D6-59CC-419D-9087-CC6E1982B068}.R27_Release|x86.Build.0 = R27_Release|Any CPU
		{86D405E4-E81A-4A7E-91B9-9D171509FBEA}.R20_Debug|Any CPU.ActiveCfg = R20_Debug|x86
		{86D405E4-E81A-4A7E-91B9-9D171509FBEA}.R20_Debug|Any CPU.Build.0 = R20_Debug|x86
		{86D405E4-E81A-4A7E-91B9-9D171509FBEA}.R20_Debug|x86.ActiveCfg = R20_Debug|x86
		{86D405E4-E81A-4A7E-91B9-9D171509FBEA}.R20_Release|Any CPU.ActiveCfg = R20_Release|x86
		{86D405E4-E81A-4A7E-91B9-9D171509FBEA}.R20_Release|Any CPU.Build.0 = R20_Release|x86
		{86D405E4-E81A-4A7E-91B9-9D171509FBEA}.R20_Release|x86.ActiveCfg = R20_Release|x86
		{86D405E4-E81A-4A7E-91B9-9D171509FBEA}.R21_Debug|Any CPU.ActiveCfg = R21_Debug|x86
		{86D405E4-E81A-4A7E-91B9-9D171509FBEA}.R21_Debug|Any CPU.Build.0 = R21_Debug|x86
		{86D405E4-E81A-4A7E-91B9-9D171509FBEA}.R21_Debug|x86.ActiveCfg = R21_Debug|x86
		{86D405E4-E81A-4A7E-91B9-9D171509FBEA}.R21_Release|Any CPU.ActiveCfg = R21_Release|x86
		{86D405E4-E81A-4A7E-91B9-9D171509FBEA}.R21_Release|Any CPU.Build.0 = R21_Release|x86
		{86D405E4-E81A-4A7E-91B9-9D171509FBEA}.R21_Release|x86.ActiveCfg = R21_Release|x86
		{86D405E4-E81A-4A7E-91B9-9D171509FBEA}.R22_Debug|Any CPU.ActiveCfg = R22_Debug|x86
		{86D405E4-E81A-4A7E-91B9-9D171509FBEA}.R22_Debug|Any CPU.Build.0 = R22_Debug|x86
		{86D405E4-E81A-4A7E-91B9-9D171509FBEA}.R22_Debug|x86.ActiveCfg = R22_Debug|x86
		{86D405E4-E81A-4A7E-91B9-9D171509FBEA}.R22_Release|Any CPU.ActiveCfg = R22_Release|x86
		{86D405E4-E81A-4A7E-91B9-9D171509FBEA}.R22_Release|Any CPU.Build.0 = R22_Release|x86
		{86D405E4-E81A-4A7E-91B9-9D171509FBEA}.R22_Release|x86.ActiveCfg = R22_Release|x86
		{86D405E4-E81A-4A7E-91B9-9D171509FBEA}.R23_Debug|Any CPU.ActiveCfg = R23_Debug|x86
		{86D405E4-E81A-4A7E-91B9-9D171509FBEA}.R23_Debug|Any CPU.Build.0 = R23_Debug|x86
		{86D405E4-E81A-4A7E-91B9-9D171509FBEA}.R23_Debug|x86.ActiveCfg = R23_Debug|x86
		{86D405E4-E81A-4A7E-91B9-9D171509FBEA}.R23_Release|Any CPU.ActiveCfg = R23_Release|x86
		{86D405E4-E81A-4A7E-91B9-9D171509FBEA}.R23_Release|Any CPU.Build.0 = R23_Release|x86
		{86D405E4-E81A-4A7E-91B9-9D171509FBEA}.R23_Release|x86.ActiveCfg = R23_Release|x86
		{86D405E4-E81A-4A7E-91B9-9D171509FBEA}.R24_Debug|Any CPU.ActiveCfg = R24_Debug|x86
		{86D405E4-E81A-4A7E-91B9-9D171509FBEA}.R24_Debug|Any CPU.Build.0 = R24_Debug|x86
		{86D405E4-E81A-4A7E-91B9-9D171509FBEA}.R24_Debug|x86.ActiveCfg = R24_Debug|x86
		{86D405E4-E81A-4A7E-91B9-9D171509FBEA}.R24_Release|Any CPU.ActiveCfg = R24_Release|x86
		{86D405E4-E81A-4A7E-91B9-9D171509FBEA}.R24_Release|Any CPU.Build.0 = R24_Release|x86
		{86D405E4-E81A-4A7E-91B9-9D171509FBEA}.R24_Release|x86.ActiveCfg = R24_Release|x86
		{86D405E4-E81A-4A7E-91B9-9D171509FBEA}.R25_Debug|Any CPU.ActiveCfg = R25_Debug|x86
		{86D405E4-E81A-4A7E-91B9-9D171509FBEA}.R25_Debug|Any CPU.Build.0 = R25_Debug|x86
		{86D405E4-E81A-4A7E-91B9-9D171509FBEA}.R25_Debug|x86.ActiveCfg = R25_Debug|x86
		{86D405E4-E81A-4A7E-91B9-9D171509FBEA}.R25_Debug|x86.Build.0 = R25_Debug|x86
		{86D405E4-E81A-4A7E-91B9-9D171509FBEA}.R25_Release|Any CPU.ActiveCfg = R25_Release|x86
		{86D405E4-E81A-4A7E-91B9-9D171509FBEA}.R25_Release|Any CPU.Build.0 = R25_Release|x86
		{86D405E4-E81A-4A7E-91B9-9D171509FBEA}.R25_Release|x86.ActiveCfg = R25_Release|x86
		{86D405E4-E81A-4A7E-91B9-9D171509FBEA}.R26_Debug|Any CPU.ActiveCfg = R26_Debug|x86
		{86D405E4-E81A-4A7E-91B9-9D171509FBEA}.R26_Debug|Any CPU.Build.0 = R26_Debug|x86
		{86D405E4-E81A-4A7E-91B9-9D171509FBEA}.R26_Debug|x86.ActiveCfg = R26_Debug|x86
		{86D405E4-E81A-4A7E-91B9-9D171509FBEA}.R26_Debug|x86.Build.0 = R26_Debug|x86
		{86D405E4-E81A-4A7E-91B9-9D171509FBEA}.R26_Release|Any CPU.ActiveCfg = R26_Release|x86
		{86D405E4-E81A-4A7E-91B9-9D171509FBEA}.R26_Release|Any CPU.Build.0 = R26_Release|x86
		{86D405E4-E81A-4A7E-91B9-9D171509FBEA}.R26_Release|x86.ActiveCfg = R26_Release|x86
		{86D405E4-E81A-4A7E-91B9-9D171509FBEA}.R27_Debug|Any CPU.ActiveCfg = R27_Debug|x86
		{86D405E4-E81A-4A7E-91B9-9D171509FBEA}.R27_Debug|Any CPU.Build.0 = R27_Debug|x86
		{86D405E4-E81A-4A7E-91B9-9D171509FBEA}.R27_Debug|x86.ActiveCfg = R27_Debug|x86
		{86D405E4-E81A-4A7E-91B9-9D171509FBEA}.R27_Release|Any CPU.ActiveCfg = R27_Release|x86
		{86D405E4-E81A-4A7E-91B9-9D171509FBEA}.R27_Release|Any CPU.Build.0 = R27_Release|x86
		{86D405E4-E81A-4A7E-91B9-9D171509FBEA}.R27_Release|x86.ActiveCfg = R27_Release|x86
		{8BF20E22-1AF9-4052-B7FB-C755A0F88DE0}.R20_Debug|Any CPU.ActiveCfg = Debug|x86
		{8BF20E22-1AF9-4052-B7FB-C755A0F88DE0}.R20_Debug|x86.ActiveCfg = Debug|x86
		{8BF20E22-1AF9-4052-B7FB-C755A0F88DE0}.R20_Release|Any CPU.ActiveCfg = Release|x86
		{8BF20E22-1AF9-4052-B7FB-C755A0F88DE0}.R20_Release|x86.ActiveCfg = Release|x86
		{8BF20E22-1AF9-4052-B7FB-C755A0F88DE0}.R21_Debug|Any CPU.ActiveCfg = Debug|x86
		{8BF20E22-1AF9-4052-B7FB-C755A0F88DE0}.R21_Debug|x86.ActiveCfg = Debug|x86
		{8BF20E22-1AF9-4052-B7FB-C755A0F88DE0}.R21_Release|Any CPU.ActiveCfg = Release|x86
		{8BF20E22-1AF9-4052-B7FB-C755A0F88DE0}.R21_Release|x86.ActiveCfg = Release|x86
		{8BF20E22-1AF9-4052-B7FB-C755A0F88DE0}.R22_Debug|Any CPU.ActiveCfg = Debug|x86
		{8BF20E22-1AF9-4052-B7FB-C755A0F88DE0}.R22_Debug|x86.ActiveCfg = Debug|x86
		{8BF20E22-1AF9-4052-B7FB-C755A0F88DE0}.R22_Release|Any CPU.ActiveCfg = Release|x86
		{8BF20E22-1AF9-4052-B7FB-C755A0F88DE0}.R22_Release|x86.ActiveCfg = Release|x86
		{8BF20E22-1AF9-4052-B7FB-C755A0F88DE0}.R23_Debug|Any CPU.ActiveCfg = Debug|x86
		{8BF20E22-1AF9-4052-B7FB-C755A0F88DE0}.R23_Debug|x86.ActiveCfg = Debug|x86
		{8BF20E22-1AF9-4052-B7FB-C755A0F88DE0}.R23_Release|Any CPU.ActiveCfg = Release|x86
		{8BF20E22-1AF9-4052-B7FB-C755A0F88DE0}.R23_Release|x86.ActiveCfg = Release|x86
		{8BF20E22-1AF9-4052-B7FB-C755A0F88DE0}.R24_Debug|Any CPU.ActiveCfg = Debug|x86
		{8BF20E22-1AF9-4052-B7FB-C755A0F88DE0}.R24_Debug|x86.ActiveCfg = Debug|x86
		{8BF20E22-1AF9-4052-B7FB-C755A0F88DE0}.R24_Release|Any CPU.ActiveCfg = Release|x86
		{8BF20E22-1AF9-4052-B7FB-C755A0F88DE0}.R24_Release|x86.ActiveCfg = Release|x86
		{8BF20E22-1AF9-4052-B7FB-C755A0F88DE0}.R25_Debug|Any CPU.ActiveCfg = Debug|x86
		{8BF20E22-1AF9-4052-B7FB-C755A0F88DE0}.R25_Debug|x86.ActiveCfg = Debug|x86
		{8BF20E22-1AF9-4052-B7FB-C755A0F88DE0}.R25_Release|Any CPU.ActiveCfg = Release|x86
		{8BF20E22-1AF9-4052-B7FB-C755A0F88DE0}.R25_Release|x86.ActiveCfg = Release|x86
		{8BF20E22-1AF9-4052-B7FB-C755A0F88DE0}.R26_Debug|Any CPU.ActiveCfg = Debug|x86
		{8BF20E22-1AF9-4052-B7FB-C755A0F88DE0}.R26_Debug|x86.ActiveCfg = Debug|x86
		{8BF20E22-1AF9-4052-B7FB-C755A0F88DE0}.R26_Release|Any CPU.ActiveCfg = Release|x86
		{8BF20E22-1AF9-4052-B7FB-C755A0F88DE0}.R26_Release|x86.ActiveCfg = Release|x86
		{8BF20E22-1AF9-4052-B7FB-C755A0F88DE0}.R27_Debug|Any CPU.ActiveCfg = Debug|x86
		{8BF20E22-1AF9-4052-B7FB-C755A0F88DE0}.R27_Debug|x86.ActiveCfg = Debug|x86
		{8BF20E22-1AF9-4052-B7FB-C755A0F88DE0}.R27_Release|Any CPU.ActiveCfg = Release|x86
		{8BF20E22-1AF9-4052-B7FB-C755A0F88DE0}.R27_Release|x86.ActiveCfg = Release|x86
		{780028B3-D459-49F1-A30B-AE204686DE26}.R20_Debug|Any CPU.ActiveCfg = R20_Debug|Any CPU
		{780028B3-D459-49F1-A30B-AE204686DE26}.R20_Debug|Any CPU.Build.0 = R20_Debug|Any CPU
		{780028B3-D459-49F1-A30B-AE204686DE26}.R20_Debug|x86.ActiveCfg = R20_Debug|Any CPU
		{780028B3-D459-49F1-A30B-AE204686DE26}.R20_Debug|x86.Build.0 = R20_Debug|Any CPU
		{780028B3-D459-49F1-A30B-AE204686DE26}.R20_Release|Any CPU.ActiveCfg = R20_Release|Any CPU
		{780028B3-D459-49F1-A30B-AE204686DE26}.R20_Release|Any CPU.Build.0 = R20_Release|Any CPU
		{780028B3-D459-49F1-A30B-AE204686DE26}.R20_Release|x86.ActiveCfg = R20_Release|Any CPU
		{780028B3-D459-49F1-A30B-AE204686DE26}.R20_Release|x86.Build.0 = R20_Release|Any CPU
		{780028B3-D459-49F1-A30B-AE204686DE26}.R21_Debug|Any CPU.ActiveCfg = R21_Debug|Any CPU
		{780028B3-D459-49F1-A30B-AE204686DE26}.R21_Debug|Any CPU.Build.0 = R21_Debug|Any CPU
		{780028B3-D459-49F1-A30B-AE204686DE26}.R21_Debug|x86.ActiveCfg = R21_Debug|Any CPU
		{780028B3-D459-49F1-A30B-AE204686DE26}.R21_Debug|x86.Build.0 = R21_Debug|Any CPU
		{780028B3-D459-49F1-A30B-AE204686DE26}.R21_Release|Any CPU.ActiveCfg = R21_Release|Any CPU
		{780028B3-D459-49F1-A30B-AE204686DE26}.R21_Release|Any CPU.Build.0 = R21_Release|Any CPU
		{780028B3-D459-49F1-A30B-AE204686DE26}.R21_Release|x86.ActiveCfg = R21_Release|Any CPU
		{780028B3-D459-49F1-A30B-AE204686DE26}.R21_Release|x86.Build.0 = R21_Release|Any CPU
		{780028B3-D459-49F1-A30B-AE204686DE26}.R22_Debug|Any CPU.ActiveCfg = R22_Debug|Any CPU
		{780028B3-D459-49F1-A30B-AE204686DE26}.R22_Debug|Any CPU.Build.0 = R22_Debug|Any CPU
		{780028B3-D459-49F1-A30B-AE204686DE26}.R22_Debug|x86.ActiveCfg = R22_Debug|Any CPU
		{780028B3-D459-49F1-A30B-AE204686DE26}.R22_Debug|x86.Build.0 = R22_Debug|Any CPU
		{780028B3-D459-49F1-A30B-AE204686DE26}.R22_Release|Any CPU.ActiveCfg = R22_Release|Any CPU
		{780028B3-D459-49F1-A30B-AE204686DE26}.R22_Release|Any CPU.Build.0 = R22_Release|Any CPU
		{780028B3-D459-49F1-A30B-AE204686DE26}.R22_Release|x86.ActiveCfg = R22_Release|Any CPU
		{780028B3-D459-49F1-A30B-AE204686DE26}.R22_Release|x86.Build.0 = R22_Release|Any CPU
		{780028B3-D459-49F1-A30B-AE204686DE26}.R23_Debug|Any CPU.ActiveCfg = R23_Debug|Any CPU
		{780028B3-D459-49F1-A30B-AE204686DE26}.R23_Debug|Any CPU.Build.0 = R23_Debug|Any CPU
		{780028B3-D459-49F1-A30B-AE204686DE26}.R23_Debug|x86.ActiveCfg = R23_Debug|Any CPU
		{780028B3-D459-49F1-A30B-AE204686DE26}.R23_Debug|x86.Build.0 = R23_Debug|Any CPU
		{780028B3-D459-49F1-A30B-AE204686DE26}.R23_Release|Any CPU.ActiveCfg = R23_Release|Any CPU
		{780028B3-D459-49F1-A30B-AE204686DE26}.R23_Release|Any CPU.Build.0 = R23_Release|Any CPU
		{780028B3-D459-49F1-A30B-AE204686DE26}.R23_Release|x86.ActiveCfg = R23_Release|Any CPU
		{780028B3-D459-49F1-A30B-AE204686DE26}.R23_Release|x86.Build.0 = R23_Release|Any CPU
		{780028B3-D459-49F1-A30B-AE204686DE26}.R24_Debug|Any CPU.ActiveCfg = R24_Debug|Any CPU
		{780028B3-D459-49F1-A30B-AE204686DE26}.R24_Debug|Any CPU.Build.0 = R24_Debug|Any CPU
		{780028B3-D459-49F1-A30B-AE204686DE26}.R24_Debug|x86.ActiveCfg = R24_Debug|Any CPU
		{780028B3-D459-49F1-A30B-AE204686DE26}.R24_Debug|x86.Build.0 = R24_Debug|Any CPU
		{780028B3-D459-49F1-A30B-AE204686DE26}.R24_Release|Any CPU.ActiveCfg = R24_Release|Any CPU
		{780028B3-D459-49F1-A30B-AE204686DE26}.R24_Release|Any CPU.Build.0 = R24_Release|Any CPU
		{780028B3-D459-49F1-A30B-AE204686DE26}.R24_Release|x86.ActiveCfg = R24_Release|Any CPU
		{780028B3-D459-49F1-A30B-AE204686DE26}.R24_Release|x86.Build.0 = R24_Release|Any CPU
		{780028B3-D459-49F1-A30B-AE204686DE26}.R25_Debug|Any CPU.ActiveCfg = R25_Debug|Any CPU
		{780028B3-D459-49F1-A30B-AE204686DE26}.R25_Debug|Any CPU.Build.0 = R25_Debug|Any CPU
		{780028B3-D459-49F1-A30B-AE204686DE26}.R25_Debug|x86.ActiveCfg = R25_Debug|Any CPU
		{780028B3-D459-49F1-A30B-AE204686DE26}.R25_Debug|x86.Build.0 = R25_Debug|Any CPU
		{780028B3-D459-49F1-A30B-AE204686DE26}.R25_Release|Any CPU.ActiveCfg = R25_Release|Any CPU
		{780028B3-D459-49F1-A30B-AE204686DE26}.R25_Release|Any CPU.Build.0 = R25_Release|Any CPU
		{780028B3-D459-49F1-A30B-AE204686DE26}.R25_Release|x86.ActiveCfg = R25_Release|Any CPU
		{780028B3-D459-49F1-A30B-AE204686DE26}.R25_Release|x86.Build.0 = R25_Release|Any CPU
		{780028B3-D459-49F1-A30B-AE204686DE26}.R26_Debug|Any CPU.ActiveCfg = R26_Debug|Any CPU
		{780028B3-D459-49F1-A30B-AE204686DE26}.R26_Debug|Any CPU.Build.0 = R26_Debug|Any CPU
		{780028B3-D459-49F1-A30B-AE204686DE26}.R26_Debug|x86.ActiveCfg = R26_Debug|Any CPU
		{780028B3-D459-49F1-A30B-AE204686DE26}.R26_Debug|x86.Build.0 = R26_Debug|Any CPU
		{780028B3-D459-49F1-A30B-AE204686DE26}.R26_Release|Any CPU.ActiveCfg = R26_Release|Any CPU
		{780028B3-D459-49F1-A30B-AE204686DE26}.R26_Release|Any CPU.Build.0 = R26_Release|Any CPU
		{780028B3-D459-49F1-A30B-AE204686DE26}.R26_Release|x86.ActiveCfg = R26_Release|Any CPU
		{780028B3-D459-49F1-A30B-AE204686DE26}.R26_Release|x86.Build.0 = R26_Release|Any CPU
		{780028B3-D459-49F1-A30B-AE204686DE26}.R27_Debug|Any CPU.ActiveCfg = R27_Debug|Any CPU
		{780028B3-D459-49F1-A30B-AE204686DE26}.R27_Debug|Any CPU.Build.0 = R27_Debug|Any CPU
		{780028B3-D459-49F1-A30B-AE204686DE26}.R27_Debug|x86.ActiveCfg = R27_Debug|Any CPU
		{780028B3-D459-49F1-A30B-AE204686DE26}.R27_Debug|x86.Build.0 = R27_Debug|Any CPU
		{780028B3-D459-49F1-A30B-AE204686DE26}.R27_Release|Any CPU.ActiveCfg = R27_Release|Any CPU
		{780028B3-D459-49F1-A30B-AE204686DE26}.R27_Release|Any CPU.Build.0 = R27_Release|Any CPU
		{780028B3-D459-49F1-A30B-AE204686DE26}.R27_Release|x86.ActiveCfg = R27_Release|Any CPU
		{780028B3-D459-49F1-A30B-AE204686DE26}.R27_Release|x86.Build.0 = R27_Release|Any CPU
		{B0AB9CC8-4CE6-4F7E-9EEB-6A45A568BE6D}.R20_Debug|Any CPU.ActiveCfg = R20_Debug|Any CPU
		{B0AB9CC8-4CE6-4F7E-9EEB-6A45A568BE6D}.R20_Debug|Any CPU.Build.0 = R20_Debug|Any CPU
		{B0AB9CC8-4CE6-4F7E-9EEB-6A45A568BE6D}.R20_Debug|x86.ActiveCfg = R20_Debug|Any CPU
		{B0AB9CC8-4CE6-4F7E-9EEB-6A45A568BE6D}.R20_Debug|x86.Build.0 = R20_Debug|Any CPU
		{B0AB9CC8-4CE6-4F7E-9EEB-6A45A568BE6D}.R20_Release|Any CPU.ActiveCfg = R20_Release|Any CPU
		{B0AB9CC8-4CE6-4F7E-9EEB-6A45A568BE6D}.R20_Release|Any CPU.Build.0 = R20_Release|Any CPU
		{B0AB9CC8-4CE6-4F7E-9EEB-6A45A568BE6D}.R20_Release|x86.ActiveCfg = R20_Release|Any CPU
		{B0AB9CC8-4CE6-4F7E-9EEB-6A45A568BE6D}.R20_Release|x86.Build.0 = R20_Release|Any CPU
		{B0AB9CC8-4CE6-4F7E-9EEB-6A45A568BE6D}.R21_Debug|Any CPU.ActiveCfg = R21_Debug|Any CPU
		{B0AB9CC8-4CE6-4F7E-9EEB-6A45A568BE6D}.R21_Debug|Any CPU.Build.0 = R21_Debug|Any CPU
		{B0AB9CC8-4CE6-4F7E-9EEB-6A45A568BE6D}.R21_Debug|x86.ActiveCfg = R21_Debug|Any CPU
		{B0AB9CC8-4CE6-4F7E-9EEB-6A45A568BE6D}.R21_Debug|x86.Build.0 = R21_Debug|Any CPU
		{B0AB9CC8-4CE6-4F7E-9EEB-6A45A568BE6D}.R21_Release|Any CPU.ActiveCfg = R21_Release|Any CPU
		{B0AB9CC8-4CE6-4F7E-9EEB-6A45A568BE6D}.R21_Release|Any CPU.Build.0 = R21_Release|Any CPU
		{B0AB9CC8-4CE6-4F7E-9EEB-6A45A568BE6D}.R21_Release|x86.ActiveCfg = R21_Release|Any CPU
		{B0AB9CC8-4CE6-4F7E-9EEB-6A45A568BE6D}.R21_Release|x86.Build.0 = R21_Release|Any CPU
		{B0AB9CC8-4CE6-4F7E-9EEB-6A45A568BE6D}.R22_Debug|Any CPU.ActiveCfg = R22_Debug|Any CPU
		{B0AB9CC8-4CE6-4F7E-9EEB-6A45A568BE6D}.R22_Debug|Any CPU.Build.0 = R22_Debug|Any CPU
		{B0AB9CC8-4CE6-4F7E-9EEB-6A45A568BE6D}.R22_Debug|x86.ActiveCfg = R22_Debug|Any CPU
		{B0AB9CC8-4CE6-4F7E-9EEB-6A45A568BE6D}.R22_Debug|x86.Build.0 = R22_Debug|Any CPU
		{B0AB9CC8-4CE6-4F7E-9EEB-6A45A568BE6D}.R22_Release|Any CPU.ActiveCfg = R22_Release|Any CPU
		{B0AB9CC8-4CE6-4F7E-9EEB-6A45A568BE6D}.R22_Release|Any CPU.Build.0 = R22_Release|Any CPU
		{B0AB9CC8-4CE6-4F7E-9EEB-6A45A568BE6D}.R22_Release|x86.ActiveCfg = R22_Release|Any CPU
		{B0AB9CC8-4CE6-4F7E-9EEB-6A45A568BE6D}.R22_Release|x86.Build.0 = R22_Release|Any CPU
		{B0AB9CC8-4CE6-4F7E-9EEB-6A45A568BE6D}.R23_Debug|Any CPU.ActiveCfg = R23_Debug|Any CPU
		{B0AB9CC8-4CE6-4F7E-9EEB-6A45A568BE6D}.R23_Debug|Any CPU.Build.0 = R23_Debug|Any CPU
		{B0AB9CC8-4CE6-4F7E-9EEB-6A45A568BE6D}.R23_Debug|x86.ActiveCfg = R23_Debug|Any CPU
		{B0AB9CC8-4CE6-4F7E-9EEB-6A45A568BE6D}.R23_Debug|x86.Build.0 = R23_Debug|Any CPU
		{B0AB9CC8-4CE6-4F7E-9EEB-6A45A568BE6D}.R23_Release|Any CPU.ActiveCfg = R23_Release|Any CPU
		{B0AB9CC8-4CE6-4F7E-9EEB-6A45A568BE6D}.R23_Release|Any CPU.Build.0 = R23_Release|Any CPU
		{B0AB9CC8-4CE6-4F7E-9EEB-6A45A568BE6D}.R23_Release|x86.ActiveCfg = R23_Release|Any CPU
		{B0AB9CC8-4CE6-4F7E-9EEB-6A45A568BE6D}.R23_Release|x86.Build.0 = R23_Release|Any CPU
		{B0AB9CC8-4CE6-4F7E-9EEB-6A45A568BE6D}.R24_Debug|Any CPU.ActiveCfg = R24_Debug|Any CPU
		{B0AB9CC8-4CE6-4F7E-9EEB-6A45A568BE6D}.R24_Debug|Any CPU.Build.0 = R24_Debug|Any CPU
		{B0AB9CC8-4CE6-4F7E-9EEB-6A45A568BE6D}.R24_Debug|x86.ActiveCfg = R24_Debug|Any CPU
		{B0AB9CC8-4CE6-4F7E-9EEB-6A45A568BE6D}.R24_Debug|x86.Build.0 = R24_Debug|Any CPU
		{B0AB9CC8-4CE6-4F7E-9EEB-6A45A568BE6D}.R24_Release|Any CPU.ActiveCfg = R24_Release|Any CPU
		{B0AB9CC8-4CE6-4F7E-9EEB-6A45A568BE6D}.R24_Release|Any CPU.Build.0 = R24_Release|Any CPU
		{B0AB9CC8-4CE6-4F7E-9EEB-6A45A568BE6D}.R24_Release|x86.ActiveCfg = R24_Release|Any CPU
		{B0AB9CC8-4CE6-4F7E-9EEB-6A45A568BE6D}.R24_Release|x86.Build.0 = R24_Release|Any CPU
		{B0AB9CC8-4CE6-4F7E-9EEB-6A45A568BE6D}.R25_Debug|Any CPU.ActiveCfg = R25_Debug|Any CPU
		{B0AB9CC8-4CE6-4F7E-9EEB-6A45A568BE6D}.R25_Debug|Any CPU.Build.0 = R25_Debug|Any CPU
		{B0AB9CC8-4CE6-4F7E-9EEB-6A45A568BE6D}.R25_Debug|x86.ActiveCfg = R25_Debug|Any CPU
		{B0AB9CC8-4CE6-4F7E-9EEB-6A45A568BE6D}.R25_Debug|x86.Build.0 = R25_Debug|Any CPU
		{B0AB9CC8-4CE6-4F7E-9EEB-6A45A568BE6D}.R25_Release|Any CPU.ActiveCfg = R25_Release|Any CPU
		{B0AB9CC8-4CE6-4F7E-9EEB-6A45A568BE6D}.R25_Release|Any CPU.Build.0 = R25_Release|Any CPU
		{B0AB9CC8-4CE6-4F7E-9EEB-6A45A568BE6D}.R25_Release|x86.ActiveCfg = R25_Release|Any CPU
		{B0AB9CC8-4CE6-4F7E-9EEB-6A45A568BE6D}.R25_Release|x86.Build.0 = R25_Release|Any CPU
		{B0AB9CC8-4CE6-4F7E-9EEB-6A45A568BE6D}.R26_Debug|Any CPU.ActiveCfg = R26_Debug|Any CPU
		{B0AB9CC8-4CE6-4F7E-9EEB-6A45A568BE6D}.R26_Debug|Any CPU.Build.0 = R26_Debug|Any CPU
		{B0AB9CC8-4CE6-4F7E-9EEB-6A45A568BE6D}.R26_Debug|x86.ActiveCfg = R26_Debug|Any CPU
		{B0AB9CC8-4CE6-4F7E-9EEB-6A45A568BE6D}.R26_Debug|x86.Build.0 = R26_Debug|Any CPU
		{B0AB9CC8-4CE6-4F7E-9EEB-6A45A568BE6D}.R26_Release|Any CPU.ActiveCfg = R26_Release|Any CPU
		{B0AB9CC8-4CE6-4F7E-9EEB-6A45A568BE6D}.R26_Release|Any CPU.Build.0 = R26_Release|Any CPU
		{B0AB9CC8-4CE6-4F7E-9EEB-6A45A568BE6D}.R26_Release|x86.ActiveCfg = R26_Release|Any CPU
		{B0AB9CC8-4CE6-4F7E-9EEB-6A45A568BE6D}.R26_Release|x86.Build.0 = R26_Release|Any CPU
		{B0AB9CC8-4CE6-4F7E-9EEB-6A45A568BE6D}.R27_Debug|Any CPU.ActiveCfg = R27_Debug|Any CPU
		{B0AB9CC8-4CE6-4F7E-9EEB-6A45A568BE6D}.R27_Debug|Any CPU.Build.0 = R27_Debug|Any CPU
		{B0AB9CC8-4CE6-4F7E-9EEB-6A45A568BE6D}.R27_Debug|x86.ActiveCfg = R27_Debug|Any CPU
		{B0AB9CC8-4CE6-4F7E-9EEB-6A45A568BE6D}.R27_Debug|x86.Build.0 = R27_Debug|Any CPU
		{B0AB9CC8-4CE6-4F7E-9EEB-6A45A568BE6D}.R27_Release|Any CPU.ActiveCfg = R27_Release|Any CPU
		{B0AB9CC8-4CE6-4F7E-9EEB-6A45A568BE6D}.R27_Release|Any CPU.Build.0 = R27_Release|Any CPU
		{B0AB9CC8-4CE6-4F7E-9EEB-6A45A568BE6D}.R27_Release|x86.ActiveCfg = R27_Release|Any CPU
		{B0AB9CC8-4CE6-4F7E-9EEB-6A45A568BE6D}.R27_Release|x86.Build.0 = R27_Release|Any CPU
		{797D36CE-FE78-4533-B876-B4715DF82DA0}.R20_Debug|Any CPU.ActiveCfg = R20_Debug|Any CPU
		{797D36CE-FE78-4533-B876-B4715DF82DA0}.R20_Debug|Any CPU.Build.0 = R20_Debug|Any CPU
		{797D36CE-FE78-4533-B876-B4715DF82DA0}.R20_Debug|x86.ActiveCfg = R20_Debug|Any CPU
		{797D36CE-FE78-4533-B876-B4715DF82DA0}.R20_Debug|x86.Build.0 = R20_Debug|Any CPU
		{797D36CE-FE78-4533-B876-B4715DF82DA0}.R20_Release|Any CPU.ActiveCfg = R20_Release|Any CPU
		{797D36CE-FE78-4533-B876-B4715DF82DA0}.R20_Release|Any CPU.Build.0 = R20_Release|Any CPU
		{797D36CE-FE78-4533-B876-B4715DF82DA0}.R20_Release|x86.ActiveCfg = R20_Release|Any CPU
		{797D36CE-FE78-4533-B876-B4715DF82DA0}.R20_Release|x86.Build.0 = R20_Release|Any CPU
		{797D36CE-FE78-4533-B876-B4715DF82DA0}.R21_Debug|Any CPU.ActiveCfg = R21_Debug|Any CPU
		{797D36CE-FE78-4533-B876-B4715DF82DA0}.R21_Debug|Any CPU.Build.0 = R21_Debug|Any CPU
		{797D36CE-FE78-4533-B876-B4715DF82DA0}.R21_Debug|x86.ActiveCfg = R21_Debug|Any CPU
		{797D36CE-FE78-4533-B876-B4715DF82DA0}.R21_Debug|x86.Build.0 = R21_Debug|Any CPU
		{797D36CE-FE78-4533-B876-B4715DF82DA0}.R21_Release|Any CPU.ActiveCfg = R21_Release|Any CPU
		{797D36CE-FE78-4533-B876-B4715DF82DA0}.R21_Release|Any CPU.Build.0 = R21_Release|Any CPU
		{797D36CE-FE78-4533-B876-B4715DF82DA0}.R21_Release|x86.ActiveCfg = R21_Release|Any CPU
		{797D36CE-FE78-4533-B876-B4715DF82DA0}.R21_Release|x86.Build.0 = R21_Release|Any CPU
		{797D36CE-FE78-4533-B876-B4715DF82DA0}.R22_Debug|Any CPU.ActiveCfg = R22_Debug|Any CPU
		{797D36CE-FE78-4533-B876-B4715DF82DA0}.R22_Debug|Any CPU.Build.0 = R22_Debug|Any CPU
		{797D36CE-FE78-4533-B876-B4715DF82DA0}.R22_Debug|x86.ActiveCfg = R22_Debug|Any CPU
		{797D36CE-FE78-4533-B876-B4715DF82DA0}.R22_Debug|x86.Build.0 = R22_Debug|Any CPU
		{797D36CE-FE78-4533-B876-B4715DF82DA0}.R22_Release|Any CPU.ActiveCfg = R22_Release|Any CPU
		{797D36CE-FE78-4533-B876-B4715DF82DA0}.R22_Release|Any CPU.Build.0 = R22_Release|Any CPU
		{797D36CE-FE78-4533-B876-B4715DF82DA0}.R22_Release|x86.ActiveCfg = R22_Release|Any CPU
		{797D36CE-FE78-4533-B876-B4715DF82DA0}.R22_Release|x86.Build.0 = R22_Release|Any CPU
		{797D36CE-FE78-4533-B876-B4715DF82DA0}.R23_Debug|Any CPU.ActiveCfg = R23_Debug|Any CPU
		{797D36CE-FE78-4533-B876-B4715DF82DA0}.R23_Debug|Any CPU.Build.0 = R23_Debug|Any CPU
		{797D36CE-FE78-4533-B876-B4715DF82DA0}.R23_Debug|x86.ActiveCfg = R23_Debug|Any CPU
		{797D36CE-FE78-4533-B876-B4715DF82DA0}.R23_Debug|x86.Build.0 = R23_Debug|Any CPU
		{797D36CE-FE78-4533-B876-B4715DF82DA0}.R23_Release|Any CPU.ActiveCfg = R23_Release|Any CPU
		{797D36CE-FE78-4533-B876-B4715DF82DA0}.R23_Release|Any CPU.Build.0 = R23_Release|Any CPU
		{797D36CE-FE78-4533-B876-B4715DF82DA0}.R23_Release|x86.ActiveCfg = R23_Release|Any CPU
		{797D36CE-FE78-4533-B876-B4715DF82DA0}.R23_Release|x86.Build.0 = R23_Release|Any CPU
		{797D36CE-FE78-4533-B876-B4715DF82DA0}.R24_Debug|Any CPU.ActiveCfg = R24_Debug|Any CPU
		{797D36CE-FE78-4533-B876-B4715DF82DA0}.R24_Debug|Any CPU.Build.0 = R24_Debug|Any CPU
		{797D36CE-FE78-4533-B876-B4715DF82DA0}.R24_Debug|x86.ActiveCfg = R24_Debug|Any CPU
		{797D36CE-FE78-4533-B876-B4715DF82DA0}.R24_Debug|x86.Build.0 = R24_Debug|Any CPU
		{797D36CE-FE78-4533-B876-B4715DF82DA0}.R24_Release|Any CPU.ActiveCfg = R24_Release|Any CPU
		{797D36CE-FE78-4533-B876-B4715DF82DA0}.R24_Release|Any CPU.Build.0 = R24_Release|Any CPU
		{797D36CE-FE78-4533-B876-B4715DF82DA0}.R24_Release|x86.ActiveCfg = R24_Release|Any CPU
		{797D36CE-FE78-4533-B876-B4715DF82DA0}.R24_Release|x86.Build.0 = R24_Release|Any CPU
		{797D36CE-FE78-4533-B876-B4715DF82DA0}.R25_Debug|Any CPU.ActiveCfg = R25_Debug|Any CPU
		{797D36CE-FE78-4533-B876-B4715DF82DA0}.R25_Debug|Any CPU.Build.0 = R25_Debug|Any CPU
		{797D36CE-FE78-4533-B876-B4715DF82DA0}.R25_Debug|x86.ActiveCfg = R25_Debug|Any CPU
		{797D36CE-FE78-4533-B876-B4715DF82DA0}.R25_Debug|x86.Build.0 = R25_Debug|Any CPU
		{797D36CE-FE78-4533-B876-B4715DF82DA0}.R25_Release|Any CPU.ActiveCfg = R25_Release|Any CPU
		{797D36CE-FE78-4533-B876-B4715DF82DA0}.R25_Release|Any CPU.Build.0 = R25_Release|Any CPU
		{797D36CE-FE78-4533-B876-B4715DF82DA0}.R25_Release|x86.ActiveCfg = R25_Release|Any CPU
		{797D36CE-FE78-4533-B876-B4715DF82DA0}.R25_Release|x86.Build.0 = R25_Release|Any CPU
		{797D36CE-FE78-4533-B876-B4715DF82DA0}.R26_Debug|Any CPU.ActiveCfg = R26_Debug|Any CPU
		{797D36CE-FE78-4533-B876-B4715DF82DA0}.R26_Debug|Any CPU.Build.0 = R26_Debug|Any CPU
		{797D36CE-FE78-4533-B876-B4715DF82DA0}.R26_Debug|x86.ActiveCfg = R26_Debug|Any CPU
		{797D36CE-FE78-4533-B876-B4715DF82DA0}.R26_Debug|x86.Build.0 = R26_Debug|Any CPU
		{797D36CE-FE78-4533-B876-B4715DF82DA0}.R26_Release|Any CPU.ActiveCfg = R26_Release|Any CPU
		{797D36CE-FE78-4533-B876-B4715DF82DA0}.R26_Release|Any CPU.Build.0 = R26_Release|Any CPU
		{797D36CE-FE78-4533-B876-B4715DF82DA0}.R26_Release|x86.ActiveCfg = R26_Release|Any CPU
		{797D36CE-FE78-4533-B876-B4715DF82DA0}.R26_Release|x86.Build.0 = R26_Release|Any CPU
		{797D36CE-FE78-4533-B876-B4715DF82DA0}.R27_Debug|Any CPU.ActiveCfg = R27_Debug|Any CPU
		{797D36CE-FE78-4533-B876-B4715DF82DA0}.R27_Debug|Any CPU.Build.0 = R27_Debug|Any CPU
		{797D36CE-FE78-4533-B876-B4715DF82DA0}.R27_Debug|x86.ActiveCfg = R27_Debug|Any CPU
		{797D36CE-FE78-4533-B876-B4715DF82DA0}.R27_Debug|x86.Build.0 = R27_Debug|Any CPU
		{797D36CE-FE78-4533-B876-B4715DF82DA0}.R27_Release|Any CPU.ActiveCfg = R27_Release|Any CPU
		{797D36CE-FE78-4533-B876-B4715DF82DA0}.R27_Release|Any CPU.Build.0 = R27_Release|Any CPU
		{797D36CE-FE78-4533-B876-B4715DF82DA0}.R27_Release|x86.ActiveCfg = R27_Release|Any CPU
		{797D36CE-FE78-4533-B876-B4715DF82DA0}.R27_Release|x86.Build.0 = R27_Release|Any CPU
		{F637B272-D9F6-4E52-9F3A-1402861407C6}.R20_Debug|Any CPU.ActiveCfg = R20_Debug|Any CPU
		{F637B272-D9F6-4E52-9F3A-1402861407C6}.R20_Debug|Any CPU.Build.0 = R20_Debug|Any CPU
		{F637B272-D9F6-4E52-9F3A-1402861407C6}.R20_Debug|x86.ActiveCfg = R20_Debug|Any CPU
		{F637B272-D9F6-4E52-9F3A-1402861407C6}.R20_Debug|x86.Build.0 = R20_Debug|Any CPU
		{F637B272-D9F6-4E52-9F3A-1402861407C6}.R20_Release|Any CPU.ActiveCfg = R20_Release|Any CPU
		{F637B272-D9F6-4E52-9F3A-1402861407C6}.R20_Release|Any CPU.Build.0 = R20_Release|Any CPU
		{F637B272-D9F6-4E52-9F3A-1402861407C6}.R20_Release|x86.ActiveCfg = R20_Release|Any CPU
		{F637B272-D9F6-4E52-9F3A-1402861407C6}.R20_Release|x86.Build.0 = R20_Release|Any CPU
		{F637B272-D9F6-4E52-9F3A-1402861407C6}.R21_Debug|Any CPU.ActiveCfg = R21_Debug|Any CPU
		{F637B272-D9F6-4E52-9F3A-1402861407C6}.R21_Debug|Any CPU.Build.0 = R21_Debug|Any CPU
		{F637B272-D9F6-4E52-9F3A-1402861407C6}.R21_Debug|x86.ActiveCfg = R21_Debug|Any CPU
		{F637B272-D9F6-4E52-9F3A-1402861407C6}.R21_Debug|x86.Build.0 = R21_Debug|Any CPU
		{F637B272-D9F6-4E52-9F3A-1402861407C6}.R21_Release|Any CPU.ActiveCfg = R21_Release|Any CPU
		{F637B272-D9F6-4E52-9F3A-1402861407C6}.R21_Release|Any CPU.Build.0 = R21_Release|Any CPU
		{F637B272-D9F6-4E52-9F3A-1402861407C6}.R21_Release|x86.ActiveCfg = R21_Release|Any CPU
		{F637B272-D9F6-4E52-9F3A-1402861407C6}.R21_Release|x86.Build.0 = R21_Release|Any CPU
		{F637B272-D9F6-4E52-9F3A-1402861407C6}.R22_Debug|Any CPU.ActiveCfg = R22_Debug|Any CPU
		{F637B272-D9F6-4E52-9F3A-1402861407C6}.R22_Debug|Any CPU.Build.0 = R22_Debug|Any CPU
		{F637B272-D9F6-4E52-9F3A-1402861407C6}.R22_Debug|x86.ActiveCfg = R22_Debug|Any CPU
		{F637B272-D9F6-4E52-9F3A-1402861407C6}.R22_Debug|x86.Build.0 = R22_Debug|Any CPU
		{F637B272-D9F6-4E52-9F3A-1402861407C6}.R22_Release|Any CPU.ActiveCfg = R22_Release|Any CPU
		{F637B272-D9F6-4E52-9F3A-1402861407C6}.R22_Release|Any CPU.Build.0 = R22_Release|Any CPU
		{F637B272-D9F6-4E52-9F3A-1402861407C6}.R22_Release|x86.ActiveCfg = R22_Release|Any CPU
		{F637B272-D9F6-4E52-9F3A-1402861407C6}.R22_Release|x86.Build.0 = R22_Release|Any CPU
		{F637B272-D9F6-4E52-9F3A-1402861407C6}.R23_Debug|Any CPU.ActiveCfg = Debug2020|Any CPU
		{F637B272-D9F6-4E52-9F3A-1402861407C6}.R23_Debug|Any CPU.Build.0 = Debug2020|Any CPU
		{F637B272-D9F6-4E52-9F3A-1402861407C6}.R23_Debug|x86.ActiveCfg = R23_Debug|Any CPU
		{F637B272-D9F6-4E52-9F3A-1402861407C6}.R23_Debug|x86.Build.0 = R23_Debug|Any CPU
		{F637B272-D9F6-4E52-9F3A-1402861407C6}.R23_Release|Any CPU.ActiveCfg = R23_Release|Any CPU
		{F637B272-D9F6-4E52-9F3A-1402861407C6}.R23_Release|Any CPU.Build.0 = R23_Release|Any CPU
		{F637B272-D9F6-4E52-9F3A-1402861407C6}.R23_Release|x86.ActiveCfg = R23_Release|Any CPU
		{F637B272-D9F6-4E52-9F3A-1402861407C6}.R23_Release|x86.Build.0 = R23_Release|Any CPU
		{F637B272-D9F6-4E52-9F3A-1402861407C6}.R24_Debug|Any CPU.ActiveCfg = R24_Debug|Any CPU
		{F637B272-D9F6-4E52-9F3A-1402861407C6}.R24_Debug|Any CPU.Build.0 = R24_Debug|Any CPU
		{F637B272-D9F6-4E52-9F3A-1402861407C6}.R24_Debug|x86.ActiveCfg = R24_Debug|Any CPU
		{F637B272-D9F6-4E52-9F3A-1402861407C6}.R24_Debug|x86.Build.0 = R24_Debug|Any CPU
		{F637B272-D9F6-4E52-9F3A-1402861407C6}.R24_Release|Any CPU.ActiveCfg = R24_Release|Any CPU
		{F637B272-D9F6-4E52-9F3A-1402861407C6}.R24_Release|Any CPU.Build.0 = R24_Release|Any CPU
		{F637B272-D9F6-4E52-9F3A-1402861407C6}.R24_Release|x86.ActiveCfg = R24_Release|Any CPU
		{F637B272-D9F6-4E52-9F3A-1402861407C6}.R24_Release|x86.Build.0 = R24_Release|Any CPU
		{F637B272-D9F6-4E52-9F3A-1402861407C6}.R25_Debug|Any CPU.ActiveCfg = R25_Debug|Any CPU
		{F637B272-D9F6-4E52-9F3A-1402861407C6}.R25_Debug|Any CPU.Build.0 = R25_Debug|Any CPU
		{F637B272-D9F6-4E52-9F3A-1402861407C6}.R25_Debug|x86.ActiveCfg = R25_Debug|Any CPU
		{F637B272-D9F6-4E52-9F3A-1402861407C6}.R25_Debug|x86.Build.0 = R25_Debug|Any CPU
		{F637B272-D9F6-4E52-9F3A-1402861407C6}.R25_Release|Any CPU.ActiveCfg = R25_Release|Any CPU
		{F637B272-D9F6-4E52-9F3A-1402861407C6}.R25_Release|Any CPU.Build.0 = R25_Release|Any CPU
		{F637B272-D9F6-4E52-9F3A-1402861407C6}.R25_Release|x86.ActiveCfg = R25_Release|Any CPU
		{F637B272-D9F6-4E52-9F3A-1402861407C6}.R25_Release|x86.Build.0 = R25_Release|Any CPU
		{F637B272-D9F6-4E52-9F3A-1402861407C6}.R26_Debug|Any CPU.ActiveCfg = R26_Debug|Any CPU
		{F637B272-D9F6-4E52-9F3A-1402861407C6}.R26_Debug|Any CPU.Build.0 = R26_Debug|Any CPU
		{F637B272-D9F6-4E52-9F3A-1402861407C6}.R26_Debug|x86.ActiveCfg = R26_Debug|Any CPU
		{F637B272-D9F6-4E52-9F3A-1402861407C6}.R26_Debug|x86.Build.0 = R26_Debug|Any CPU
		{F637B272-D9F6-4E52-9F3A-1402861407C6}.R26_Release|Any CPU.ActiveCfg = R26_Release|Any CPU
		{F637B272-D9F6-4E52-9F3A-1402861407C6}.R26_Release|Any CPU.Build.0 = R26_Release|Any CPU
		{F637B272-D9F6-4E52-9F3A-1402861407C6}.R26_Release|x86.ActiveCfg = R26_Release|Any CPU
		{F637B272-D9F6-4E52-9F3A-1402861407C6}.R26_Release|x86.Build.0 = R26_Release|Any CPU
		{F637B272-D9F6-4E52-9F3A-1402861407C6}.R27_Debug|Any CPU.ActiveCfg = R27_Debug|Any CPU
		{F637B272-D9F6-4E52-9F3A-1402861407C6}.R27_Debug|Any CPU.Build.0 = R27_Debug|Any CPU
		{F637B272-D9F6-4E52-9F3A-1402861407C6}.R27_Debug|x86.ActiveCfg = R27_Debug|Any CPU
		{F637B272-D9F6-4E52-9F3A-1402861407C6}.R27_Debug|x86.Build.0 = R27_Debug|Any CPU
		{F637B272-D9F6-4E52-9F3A-1402861407C6}.R27_Release|Any CPU.ActiveCfg = R27_Release|Any CPU
		{F637B272-D9F6-4E52-9F3A-1402861407C6}.R27_Release|Any CPU.Build.0 = R27_Release|Any CPU
		{F637B272-D9F6-4E52-9F3A-1402861407C6}.R27_Release|x86.ActiveCfg = R27_Release|Any CPU
		{F637B272-D9F6-4E52-9F3A-1402861407C6}.R27_Release|x86.Build.0 = R27_Release|Any CPU
		{12FC2B9B-4BDE-423B-A28D-972783F2D1D2}.R20_Debug|Any CPU.ActiveCfg = R20_Debug|Any CPU
		{12FC2B9B-4BDE-423B-A28D-972783F2D1D2}.R20_Debug|Any CPU.Build.0 = R20_Debug|Any CPU
		{12FC2B9B-4BDE-423B-A28D-972783F2D1D2}.R20_Debug|x86.ActiveCfg = R20_Debug|Any CPU
		{12FC2B9B-4BDE-423B-A28D-972783F2D1D2}.R20_Debug|x86.Build.0 = R20_Debug|Any CPU
		{12FC2B9B-4BDE-423B-A28D-972783F2D1D2}.R20_Release|Any CPU.ActiveCfg = R20_Release|Any CPU
		{12FC2B9B-4BDE-423B-A28D-972783F2D1D2}.R20_Release|Any CPU.Build.0 = R20_Release|Any CPU
		{12FC2B9B-4BDE-423B-A28D-972783F2D1D2}.R20_Release|x86.ActiveCfg = R20_Release|Any CPU
		{12FC2B9B-4BDE-423B-A28D-972783F2D1D2}.R20_Release|x86.Build.0 = R20_Release|Any CPU
		{12FC2B9B-4BDE-423B-A28D-972783F2D1D2}.R21_Debug|Any CPU.ActiveCfg = R21_Debug|Any CPU
		{12FC2B9B-4BDE-423B-A28D-972783F2D1D2}.R21_Debug|Any CPU.Build.0 = R21_Debug|Any CPU
		{12FC2B9B-4BDE-423B-A28D-972783F2D1D2}.R21_Debug|x86.ActiveCfg = R21_Debug|Any CPU
		{12FC2B9B-4BDE-423B-A28D-972783F2D1D2}.R21_Debug|x86.Build.0 = R21_Debug|Any CPU
		{12FC2B9B-4BDE-423B-A28D-972783F2D1D2}.R21_Release|Any CPU.ActiveCfg = Debug 2020|Any CPU
		{12FC2B9B-4BDE-423B-A28D-972783F2D1D2}.R21_Release|Any CPU.Build.0 = Debug 2020|Any CPU
		{12FC2B9B-4BDE-423B-A28D-972783F2D1D2}.R21_Release|x86.ActiveCfg = R21_Release|Any CPU
		{12FC2B9B-4BDE-423B-A28D-972783F2D1D2}.R21_Release|x86.Build.0 = R21_Release|Any CPU
		{12FC2B9B-4BDE-423B-A28D-972783F2D1D2}.R22_Debug|Any CPU.ActiveCfg = R22_Debug|Any CPU
		{12FC2B9B-4BDE-423B-A28D-972783F2D1D2}.R22_Debug|Any CPU.Build.0 = R22_Debug|Any CPU
		{12FC2B9B-4BDE-423B-A28D-972783F2D1D2}.R22_Debug|x86.ActiveCfg = R22_Debug|Any CPU
		{12FC2B9B-4BDE-423B-A28D-972783F2D1D2}.R22_Debug|x86.Build.0 = R22_Debug|Any CPU
		{12FC2B9B-4BDE-423B-A28D-972783F2D1D2}.R22_Release|Any CPU.ActiveCfg = R22_Release|Any CPU
		{12FC2B9B-4BDE-423B-A28D-972783F2D1D2}.R22_Release|Any CPU.Build.0 = R22_Release|Any CPU
		{12FC2B9B-4BDE-423B-A28D-972783F2D1D2}.R22_Release|x86.ActiveCfg = R22_Release|Any CPU
		{12FC2B9B-4BDE-423B-A28D-972783F2D1D2}.R22_Release|x86.Build.0 = R22_Release|Any CPU
		{12FC2B9B-4BDE-423B-A28D-972783F2D1D2}.R23_Debug|Any CPU.ActiveCfg = Debug2019|Any CPU
		{12FC2B9B-4BDE-423B-A28D-972783F2D1D2}.R23_Debug|Any CPU.Build.0 = Debug2019|Any CPU
		{12FC2B9B-4BDE-423B-A28D-972783F2D1D2}.R23_Debug|x86.ActiveCfg = Debug2019|Any CPU
		{12FC2B9B-4BDE-423B-A28D-972783F2D1D2}.R23_Debug|x86.Build.0 = Debug2019|Any CPU
		{12FC2B9B-4BDE-423B-A28D-972783F2D1D2}.R23_Release|Any CPU.ActiveCfg = R23_Release|Any CPU
		{12FC2B9B-4BDE-423B-A28D-972783F2D1D2}.R23_Release|Any CPU.Build.0 = R23_Release|Any CPU
		{12FC2B9B-4BDE-423B-A28D-972783F2D1D2}.R23_Release|x86.ActiveCfg = R23_Release|Any CPU
		{12FC2B9B-4BDE-423B-A28D-972783F2D1D2}.R23_Release|x86.Build.0 = R23_Release|Any CPU
		{12FC2B9B-4BDE-423B-A28D-972783F2D1D2}.R24_Debug|Any CPU.ActiveCfg = R24_Debug|Any CPU
		{12FC2B9B-4BDE-423B-A28D-972783F2D1D2}.R24_Debug|Any CPU.Build.0 = R24_Debug|Any CPU
		{12FC2B9B-4BDE-423B-A28D-972783F2D1D2}.R24_Debug|x86.ActiveCfg = R24_Debug|Any CPU
		{12FC2B9B-4BDE-423B-A28D-972783F2D1D2}.R24_Debug|x86.Build.0 = R24_Debug|Any CPU
		{12FC2B9B-4BDE-423B-A28D-972783F2D1D2}.R24_Release|Any CPU.ActiveCfg = R24_Release|Any CPU
		{12FC2B9B-4BDE-423B-A28D-972783F2D1D2}.R24_Release|Any CPU.Build.0 = R24_Release|Any CPU
		{12FC2B9B-4BDE-423B-A28D-972783F2D1D2}.R24_Release|x86.ActiveCfg = R24_Release|Any CPU
		{12FC2B9B-4BDE-423B-A28D-972783F2D1D2}.R24_Release|x86.Build.0 = R24_Release|Any CPU
		{12FC2B9B-4BDE-423B-A28D-972783F2D1D2}.R25_Debug|Any CPU.ActiveCfg = R25_Debug|Any CPU
		{12FC2B9B-4BDE-423B-A28D-972783F2D1D2}.R25_Debug|Any CPU.Build.0 = R25_Debug|Any CPU
		{12FC2B9B-4BDE-423B-A28D-972783F2D1D2}.R25_Debug|x86.ActiveCfg = R25_Debug|Any CPU
		{12FC2B9B-4BDE-423B-A28D-972783F2D1D2}.R25_Debug|x86.Build.0 = R25_Debug|Any CPU
		{12FC2B9B-4BDE-423B-A28D-972783F2D1D2}.R25_Release|Any CPU.ActiveCfg = R25_Release|Any CPU
		{12FC2B9B-4BDE-423B-A28D-972783F2D1D2}.R25_Release|Any CPU.Build.0 = R25_Release|Any CPU
		{12FC2B9B-4BDE-423B-A28D-972783F2D1D2}.R25_Release|x86.ActiveCfg = R25_Release|Any CPU
		{12FC2B9B-4BDE-423B-A28D-972783F2D1D2}.R25_Release|x86.Build.0 = R25_Release|Any CPU
		{12FC2B9B-4BDE-423B-A28D-972783F2D1D2}.R26_Debug|Any CPU.ActiveCfg = R26_Debug|Any CPU
		{12FC2B9B-4BDE-423B-A28D-972783F2D1D2}.R26_Debug|Any CPU.Build.0 = R26_Debug|Any CPU
		{12FC2B9B-4BDE-423B-A28D-972783F2D1D2}.R26_Debug|x86.ActiveCfg = R26_Debug|Any CPU
		{12FC2B9B-4BDE-423B-A28D-972783F2D1D2}.R26_Debug|x86.Build.0 = R26_Debug|Any CPU
		{12FC2B9B-4BDE-423B-A28D-972783F2D1D2}.R26_Release|Any CPU.ActiveCfg = R26_Release|Any CPU
		{12FC2B9B-4BDE-423B-A28D-972783F2D1D2}.R26_Release|Any CPU.Build.0 = R26_Release|Any CPU
		{12FC2B9B-4BDE-423B-A28D-972783F2D1D2}.R26_Release|x86.ActiveCfg = R26_Release|Any CPU
		{12FC2B9B-4BDE-423B-A28D-972783F2D1D2}.R26_Release|x86.Build.0 = R26_Release|Any CPU
		{12FC2B9B-4BDE-423B-A28D-972783F2D1D2}.R27_Debug|Any CPU.ActiveCfg = R27_Debug|Any CPU
		{12FC2B9B-4BDE-423B-A28D-972783F2D1D2}.R27_Debug|Any CPU.Build.0 = R27_Debug|Any CPU
		{12FC2B9B-4BDE-423B-A28D-972783F2D1D2}.R27_Debug|x86.ActiveCfg = R27_Debug|Any CPU
		{12FC2B9B-4BDE-423B-A28D-972783F2D1D2}.R27_Debug|x86.Build.0 = R27_Debug|Any CPU
		{12FC2B9B-4BDE-423B-A28D-972783F2D1D2}.R27_Release|Any CPU.ActiveCfg = R27_Release|Any CPU
		{12FC2B9B-4BDE-423B-A28D-972783F2D1D2}.R27_Release|Any CPU.Build.0 = R27_Release|Any CPU
		{12FC2B9B-4BDE-423B-A28D-972783F2D1D2}.R27_Release|x86.ActiveCfg = R27_Release|Any CPU
		{12FC2B9B-4BDE-423B-A28D-972783F2D1D2}.R27_Release|x86.Build.0 = R27_Release|Any CPU
		{56014B5F-F487-404A-B975-653B9425B84E}.R20_Debug|Any CPU.ActiveCfg = Debug|x86
		{56014B5F-F487-404A-B975-653B9425B84E}.R20_Debug|x86.ActiveCfg = Debug|x86
		{56014B5F-F487-404A-B975-653B9425B84E}.R20_Release|Any CPU.ActiveCfg = Release|x86
		{56014B5F-F487-404A-B975-653B9425B84E}.R20_Release|x86.ActiveCfg = Release|x86
		{56014B5F-F487-404A-B975-653B9425B84E}.R21_Debug|Any CPU.ActiveCfg = Debug|x86
		{56014B5F-F487-404A-B975-653B9425B84E}.R21_Debug|x86.ActiveCfg = Debug|x86
		{56014B5F-F487-404A-B975-653B9425B84E}.R21_Release|Any CPU.ActiveCfg = Release|x86
		{56014B5F-F487-404A-B975-653B9425B84E}.R21_Release|x86.ActiveCfg = Release|x86
		{56014B5F-F487-404A-B975-653B9425B84E}.R22_Debug|Any CPU.ActiveCfg = Debug|x86
		{56014B5F-F487-404A-B975-653B9425B84E}.R22_Debug|x86.ActiveCfg = Debug|x86
		{56014B5F-F487-404A-B975-653B9425B84E}.R22_Release|Any CPU.ActiveCfg = Release|x86
		{56014B5F-F487-404A-B975-653B9425B84E}.R22_Release|x86.ActiveCfg = Release|x86
		{56014B5F-F487-404A-B975-653B9425B84E}.R23_Debug|Any CPU.ActiveCfg = Debug|x86
		{56014B5F-F487-404A-B975-653B9425B84E}.R23_Debug|x86.ActiveCfg = Debug|x86
		{56014B5F-F487-404A-B975-653B9425B84E}.R23_Release|Any CPU.ActiveCfg = Release|x86
		{56014B5F-F487-404A-B975-653B9425B84E}.R23_Release|x86.ActiveCfg = Release|x86
		{56014B5F-F487-404A-B975-653B9425B84E}.R24_Debug|Any CPU.ActiveCfg = Debug|x86
		{56014B5F-F487-404A-B975-653B9425B84E}.R24_Debug|x86.ActiveCfg = Debug|x86
		{56014B5F-F487-404A-B975-653B9425B84E}.R24_Release|Any CPU.ActiveCfg = Release|x86
		{56014B5F-F487-404A-B975-653B9425B84E}.R24_Release|x86.ActiveCfg = Release|x86
		{56014B5F-F487-404A-B975-653B9425B84E}.R25_Debug|Any CPU.ActiveCfg = Debug|x86
		{56014B5F-F487-404A-B975-653B9425B84E}.R25_Debug|x86.ActiveCfg = Debug|x86
		{56014B5F-F487-404A-B975-653B9425B84E}.R25_Release|Any CPU.ActiveCfg = Release|x86
		{56014B5F-F487-404A-B975-653B9425B84E}.R25_Release|x86.ActiveCfg = Release|x86
		{56014B5F-F487-404A-B975-653B9425B84E}.R26_Debug|Any CPU.ActiveCfg = Debug|x86
		{56014B5F-F487-404A-B975-653B9425B84E}.R26_Debug|x86.ActiveCfg = Debug|x86
		{56014B5F-F487-404A-B975-653B9425B84E}.R26_Release|Any CPU.ActiveCfg = Release|x86
		{56014B5F-F487-404A-B975-653B9425B84E}.R26_Release|x86.ActiveCfg = Release|x86
		{56014B5F-F487-404A-B975-653B9425B84E}.R27_Debug|Any CPU.ActiveCfg = Debug|x86
		{56014B5F-F487-404A-B975-653B9425B84E}.R27_Debug|x86.ActiveCfg = Debug|x86
		{56014B5F-F487-404A-B975-653B9425B84E}.R27_Release|Any CPU.ActiveCfg = Release|x86
		{56014B5F-F487-404A-B975-653B9425B84E}.R27_Release|x86.ActiveCfg = Release|x86
	EndGlobalSection
	GlobalSection(SolutionProperties) = preSolution
		HideSolutionNode = FALSE
	EndGlobalSection
	GlobalSection(NestedProjects) = preSolution
		{528DB1DB-1A35-45B1-B2F2-4861FCBB6C77} = {37D5461E-D7B3-491C-8B74-5499AC713838}
		{50FB92D6-58A0-4D13-B88A-1E0599275F95} = {C557957A-AC22-4A89-8446-5BBB4853AE35}
		{9E9120D6-59CC-419D-9087-CC6E1982B068} = {C557957A-AC22-4A89-8446-5BBB4853AE35}
		{86D405E4-E81A-4A7E-91B9-9D171509FBEA} = {C557957A-AC22-4A89-8446-5BBB4853AE35}
		{8BF20E22-1AF9-4052-B7FB-C755A0F88DE0} = {C557957A-AC22-4A89-8446-5BBB4853AE35}
		{780028B3-D459-49F1-A30B-AE204686DE26} = {C557957A-AC22-4A89-8446-5BBB4853AE35}
		{B0AB9CC8-4CE6-4F7E-9EEB-6A45A568BE6D} = {C557957A-AC22-4A89-8446-5BBB4853AE35}
		{797D36CE-FE78-4533-B876-B4715DF82DA0} = {9C923A9F-90A9-4556-855F-688CA08D51B4}
		{F637B272-D9F6-4E52-9F3A-1402861407C6} = {37D5461E-D7B3-491C-8B74-5499AC713838}
		{12FC2B9B-4BDE-423B-A28D-972783F2D1D2} = {565C6F54-9C84-4FE7-ABA5-66ABFFDA9257}
		{56014B5F-F487-404A-B975-653B9425B84E} = {565C6F54-9C84-4FE7-ABA5-66ABFFDA9257}
	EndGlobalSection
	GlobalSection(ExtensibilityGlobals) = postSolution
		SolutionGuid = {39996D4F-2B0B-4C76-A64A-2CABCC1055FF}
	EndGlobalSection
EndGlobal
